// !$*UTF8*$!
{
	archiveVersion = 1;
	classes = {
	};
	objectVersion = 46;
	objects = {

/* Begin PBXBuildFile section */
		1D3623260D0F684500981E51 /* Simply_DoneAppDelegate.m in Sources */ = {isa = PBXBuildFile; fileRef = 1D3623250D0F684500981E51 /* Simply_DoneAppDelegate.m */; };
		1D60589B0D05DD56006BFB54 /* main.m in Sources */ = {isa = PBXBuildFile; fileRef = 29B97316FDCFA39411CA2CEA /* main.m */; };
		1D60589F0D05DD5A006BFB54 /* Foundation.framework in Frameworks */ = {isa = PBXBuildFile; fileRef = 1D30AB110D05D00D00671497 /* Foundation.framework */; };
		1DF5F4E00D08C38300B7A737 /* UIKit.framework in Frameworks */ = {isa = PBXBuildFile; fileRef = 1DF5F4DF0D08C38300B7A737 /* UIKit.framework */; };
		2892E4100DC94CBA00A64D0F /* CoreGraphics.framework in Frameworks */ = {isa = PBXBuildFile; fileRef = 2892E40F0DC94CBA00A64D0F /* CoreGraphics.framework */; };
		28AD73600D9D9599002E5188 /* MainWindow.xib in Resources */ = {isa = PBXBuildFile; fileRef = 28AD735F0D9D9599002E5188 /* MainWindow.xib */; };
		28C286E10D94DF7D0034E888 /* RootViewController.m in Sources */ = {isa = PBXBuildFile; fileRef = 28C286E00D94DF7D0034E888 /* RootViewController.m */; };
		28F335F11007B36200424DE2 /* RootViewController.xib in Resources */ = {isa = PBXBuildFile; fileRef = 28F335F01007B36200424DE2 /* RootViewController.xib */; };
		7E7A95EE128F9F720082EC0F /* DBUtil.m in Sources */ = {isa = PBXBuildFile; fileRef = 7E7A95E4128F9F720082EC0F /* DBUtil.m */; };
		7E7A95EF128F9F720082EC0F /* Item.m in Sources */ = {isa = PBXBuildFile; fileRef = 7E7A95E6128F9F720082EC0F /* Item.m */; };
		7E7A95F0128F9F720082EC0F /* ItemList.m in Sources */ = {isa = PBXBuildFile; fileRef = 7E7A95E8128F9F720082EC0F /* ItemList.m */; };
		7E7A95F1128F9F720082EC0F /* ListViewController.m in Sources */ = {isa = PBXBuildFile; fileRef = 7E7A95EA128F9F720082EC0F /* ListViewController.m */; };
		7E7A95F2128F9F720082EC0F /* ListViewController.xib in Resources */ = {isa = PBXBuildFile; fileRef = 7E7A95EB128F9F720082EC0F /* ListViewController.xib */; };
		7E7A95F3128F9F720082EC0F /* sd.sqlite in Resources */ = {isa = PBXBuildFile; fileRef = 7E7A95EC128F9F720082EC0F /* sd.sqlite */; };
		7E7A95F5128F9F880082EC0F /* MessageUI.framework in Frameworks */ = {isa = PBXBuildFile; fileRef = 7E7A95F4128F9F880082EC0F /* MessageUI.framework */; };
		7E7A95F7128F9F880082EC0F /* libsqlite3.0.dylib in Frameworks */ = {isa = PBXBuildFile; fileRef = 7E7A95F6128F9F880082EC0F /* libsqlite3.0.dylib */; };
		7E7A960C128FA0090082EC0F /* Session.m in Sources */ = {isa = PBXBuildFile; fileRef = 7E7A960B128FA0090082EC0F /* Session.m */; };
		7E7A9622128FA0480082EC0F /* ContactAdd.jpg in Resources */ = {isa = PBXBuildFile; fileRef = 7E7A961D128FA0480082EC0F /* ContactAdd.jpg */; };
		7E7A9624128FA0480082EC0F /* ListIcon-80x80-on-black.png in Resources */ = {isa = PBXBuildFile; fileRef = 7E7A961F128FA0480082EC0F /* ListIcon-80x80-on-black.png */; };
		7E7A9626128FA0480082EC0F /* ListIcon.png in Resources */ = {isa = PBXBuildFile; fileRef = 7E7A9621128FA0480082EC0F /* ListIcon.png */; };
		7E7A9633128FA05E0082EC0F /* CheckedBox_40x40.png in Resources */ = {isa = PBXBuildFile; fileRef = 7E7A9627128FA05E0082EC0F /* CheckedBox_40x40.png */; };
		7E7A9635128FA05E0082EC0F /* HeaderBar.png in Resources */ = {isa = PBXBuildFile; fileRef = 7E7A9629128FA05E0082EC0F /* HeaderBar.png */; };
		7E7A9636128FA05E0082EC0F /* Icon_22x29.png in Resources */ = {isa = PBXBuildFile; fileRef = 7E7A962A128FA05E0082EC0F /* Icon_22x29.png */; };
		7E7A9637128FA05E0082EC0F /* Icon_44x58.png in Resources */ = {isa = PBXBuildFile; fileRef = 7E7A962B128FA05E0082EC0F /* Icon_44x58.png */; };
		7E7A9638128FA05E0082EC0F /* Icon_57x57.png in Resources */ = {isa = PBXBuildFile; fileRef = 7E7A962C128FA05E0082EC0F /* Icon_57x57.png */; };
		7E7A9639128FA05E0082EC0F /* Icon_114x114.png in Resources */ = {isa = PBXBuildFile; fileRef = 7E7A962D128FA05E0082EC0F /* Icon_114x114.png */; };
		7E7A963A128FA05E0082EC0F /* Icon_512x512.png in Resources */ = {isa = PBXBuildFile; fileRef = 7E7A962E128FA05E0082EC0F /* Icon_512x512.png */; };
		7E7A963B128FA05E0082EC0F /* Default-iPhone.png in Resources */ = {isa = PBXBuildFile; fileRef = 7E7A962F128FA05E0082EC0F /* Default-iPhone.png */; };
		7E7A963C128FA05E0082EC0F /* ListIcon_80x80.png in Resources */ = {isa = PBXBuildFile; fileRef = 7E7A9630128FA05E0082EC0F /* ListIcon_80x80.png */; };
		7E7A963D128FA05E0082EC0F /* OrangeX_40x40.png in Resources */ = {isa = PBXBuildFile; fileRef = 7E7A9631128FA05E0082EC0F /* OrangeX_40x40.png */; };
		7E7A963E128FA05E0082EC0F /* UnCheckedBox_40x40.png in Resources */ = {isa = PBXBuildFile; fileRef = 7E7A9632128FA05E0082EC0F /* UnCheckedBox_40x40.png */; };
		7E93759112ADE79400682BF2 /* InfoWindowViewController.m in Sources */ = {isa = PBXBuildFile; fileRef = 7E93759012ADE79400682BF2 /* InfoWindowViewController.m */; };
		7ECEE9E7128FA7EF00B0EBFB /* Default-iPad.png in Resources */ = {isa = PBXBuildFile; fileRef = 7ECEE9E6128FA7EF00B0EBFB /* Default-iPad.png */; };
		7ECEEA6B128FB86300B0EBFB /* Icon_72x72.png in Resources */ = {isa = PBXBuildFile; fileRef = 7ECEEA6A128FB86300B0EBFB /* Icon_72x72.png */; };
/* End PBXBuildFile section */

/* Begin PBXFileReference section */
		1D30AB110D05D00D00671497 /* Foundation.framework */ = {isa = PBXFileReference; lastKnownFileType = wrapper.framework; name = Foundation.framework; path = System/Library/Frameworks/Foundation.framework; sourceTree = SDKROOT; };
		1D3623240D0F684500981E51 /* Simply_DoneAppDelegate.h */ = {isa = PBXFileReference; fileEncoding = 4; lastKnownFileType = sourcecode.c.h; path = Simply_DoneAppDelegate.h; sourceTree = "<group>"; };
		1D3623250D0F684500981E51 /* Simply_DoneAppDelegate.m */ = {isa = PBXFileReference; fileEncoding = 4; lastKnownFileType = sourcecode.c.objc; path = Simply_DoneAppDelegate.m; sourceTree = "<group>"; };
		1D6058910D05DD3D006BFB54 /* Simply Done.app */ = {isa = PBXFileReference; explicitFileType = wrapper.application; includeInIndex = 0; path = "Simply Done.app"; sourceTree = BUILT_PRODUCTS_DIR; };
		1DF5F4DF0D08C38300B7A737 /* UIKit.framework */ = {isa = PBXFileReference; lastKnownFileType = wrapper.framework; name = UIKit.framework; path = System/Library/Frameworks/UIKit.framework; sourceTree = SDKROOT; };
		2892E40F0DC94CBA00A64D0F /* CoreGraphics.framework */ = {isa = PBXFileReference; lastKnownFileType = wrapper.framework; name = CoreGraphics.framework; path = System/Library/Frameworks/CoreGraphics.framework; sourceTree = SDKROOT; };
		28A0AAE50D9B0CCF005BE974 /* Simply_Done_Prefix.pch */ = {isa = PBXFileReference; fileEncoding = 4; lastKnownFileType = sourcecode.c.h; path = Simply_Done_Prefix.pch; sourceTree = "<group>"; };
		28AD735F0D9D9599002E5188 /* MainWindow.xib */ = {isa = PBXFileReference; lastKnownFileType = file.xib; path = MainWindow.xib; sourceTree = "<group>"; };
		28C286DF0D94DF7D0034E888 /* RootViewController.h */ = {isa = PBXFileReference; fileEncoding = 4; lastKnownFileType = sourcecode.c.h; path = RootViewController.h; sourceTree = "<group>"; };
		28C286E00D94DF7D0034E888 /* RootViewController.m */ = {isa = PBXFileReference; fileEncoding = 4; lastKnownFileType = sourcecode.c.objc; path = RootViewController.m; sourceTree = "<group>"; };
		28F335F01007B36200424DE2 /* RootViewController.xib */ = {isa = PBXFileReference; lastKnownFileType = file.xib; path = RootViewController.xib; sourceTree = "<group>"; };
		29B97316FDCFA39411CA2CEA /* main.m */ = {isa = PBXFileReference; fileEncoding = 4; lastKnownFileType = sourcecode.c.objc; path = main.m; sourceTree = "<group>"; };
		7E7A95E2128F9F720082EC0F /* Constants.h */ = {isa = PBXFileReference; fileEncoding = 4; lastKnownFileType = sourcecode.c.h; path = Constants.h; sourceTree = "<group>"; };
		7E7A95E3128F9F720082EC0F /* DBUtil.h */ = {isa = PBXFileReference; fileEncoding = 4; lastKnownFileType = sourcecode.c.h; path = DBUtil.h; sourceTree = "<group>"; };
		7E7A95E4128F9F720082EC0F /* DBUtil.m */ = {isa = PBXFileReference; fileEncoding = 4; lastKnownFileType = sourcecode.c.objc; path = DBUtil.m; sourceTree = "<group>"; };
		7E7A95E5128F9F720082EC0F /* Item.h */ = {isa = PBXFileReference; fileEncoding = 4; lastKnownFileType = sourcecode.c.h; path = Item.h; sourceTree = "<group>"; };
		7E7A95E6128F9F720082EC0F /* Item.m */ = {isa = PBXFileReference; fileEncoding = 4; lastKnownFileType = sourcecode.c.objc; path = Item.m; sourceTree = "<group>"; };
		7E7A95E7128F9F720082EC0F /* ItemList.h */ = {isa = PBXFileReference; fileEncoding = 4; lastKnownFileType = sourcecode.c.h; path = ItemList.h; sourceTree = "<group>"; };
		7E7A95E8128F9F720082EC0F /* ItemList.m */ = {isa = PBXFileReference; fileEncoding = 4; lastKnownFileType = sourcecode.c.objc; path = ItemList.m; sourceTree = "<group>"; };
		7E7A95E9128F9F720082EC0F /* ListViewController.h */ = {isa = PBXFileReference; fileEncoding = 4; lastKnownFileType = sourcecode.c.h; path = ListViewController.h; sourceTree = "<group>"; };
		7E7A95EA128F9F720082EC0F /* ListViewController.m */ = {isa = PBXFileReference; fileEncoding = 4; lastKnownFileType = sourcecode.c.objc; path = ListViewController.m; sourceTree = "<group>"; };
		7E7A95EB128F9F720082EC0F /* ListViewController.xib */ = {isa = PBXFileReference; lastKnownFileType = file.xib; path = ListViewController.xib; sourceTree = "<group>"; };
		7E7A95EC128F9F720082EC0F /* sd.sqlite */ = {isa = PBXFileReference; lastKnownFileType = file; name = sd.sqlite; path = Classes/sd.sqlite; sourceTree = "<group>"; };
		7E7A95ED128F9F720082EC0F /* Session.h */ = {isa = PBXFileReference; fileEncoding = 4; lastKnownFileType = sourcecode.c.h; path = Session.h; sourceTree = "<group>"; };
		7E7A95F4128F9F880082EC0F /* MessageUI.framework */ = {isa = PBXFileReference; lastKnownFileType = wrapper.framework; name = MessageUI.framework; path = System/Library/Frameworks/MessageUI.framework; sourceTree = SDKROOT; };
		7E7A95F6128F9F880082EC0F /* libsqlite3.0.dylib */ = {isa = PBXFileReference; lastKnownFileType = "compiled.mach-o.dylib"; name = libsqlite3.0.dylib; path = usr/lib/libsqlite3.0.dylib; sourceTree = SDKROOT; };
		7E7A960B128FA0090082EC0F /* Session.m */ = {isa = PBXFileReference; fileEncoding = 4; lastKnownFileType = sourcecode.c.objc; path = Session.m; sourceTree = "<group>"; };
		7E7A961D128FA0480082EC0F /* ContactAdd.jpg */ = {isa = PBXFileReference; lastKnownFileType = image.jpeg; path = ContactAdd.jpg; sourceTree = "<group>"; };
		7E7A961F128FA0480082EC0F /* ListIcon-80x80-on-black.png */ = {isa = PBXFileReference; lastKnownFileType = image.png; path = "ListIcon-80x80-on-black.png"; sourceTree = "<group>"; };
		7E7A9621128FA0480082EC0F /* ListIcon.png */ = {isa = PBXFileReference; lastKnownFileType = image.png; path = ListIcon.png; sourceTree = "<group>"; };
		7E7A9627128FA05E0082EC0F /* CheckedBox_40x40.png */ = {isa = PBXFileReference; lastKnownFileType = image.png; path = CheckedBox_40x40.png; sourceTree = "<group>"; };
		7E7A9629128FA05E0082EC0F /* HeaderBar.png */ = {isa = PBXFileReference; lastKnownFileType = image.png; path = HeaderBar.png; sourceTree = "<group>"; };
		7E7A962A128FA05E0082EC0F /* Icon_22x29.png */ = {isa = PBXFileReference; lastKnownFileType = image.png; path = Icon_22x29.png; sourceTree = "<group>"; };
		7E7A962B128FA05E0082EC0F /* Icon_44x58.png */ = {isa = PBXFileReference; lastKnownFileType = image.png; path = Icon_44x58.png; sourceTree = "<group>"; };
		7E7A962C128FA05E0082EC0F /* Icon_57x57.png */ = {isa = PBXFileReference; lastKnownFileType = image.png; path = Icon_57x57.png; sourceTree = "<group>"; };
		7E7A962D128FA05E0082EC0F /* Icon_114x114.png */ = {isa = PBXFileReference; lastKnownFileType = image.png; path = Icon_114x114.png; sourceTree = "<group>"; };
		7E7A962E128FA05E0082EC0F /* Icon_512x512.png */ = {isa = PBXFileReference; lastKnownFileType = image.png; path = Icon_512x512.png; sourceTree = "<group>"; };
		7E7A962F128FA05E0082EC0F /* Default-iPhone.png */ = {isa = PBXFileReference; lastKnownFileType = image.png; path = "Default-iPhone.png"; sourceTree = "<group>"; };
		7E7A9630128FA05E0082EC0F /* ListIcon_80x80.png */ = {isa = PBXFileReference; lastKnownFileType = image.png; path = ListIcon_80x80.png; sourceTree = "<group>"; };
		7E7A9631128FA05E0082EC0F /* OrangeX_40x40.png */ = {isa = PBXFileReference; lastKnownFileType = image.png; path = OrangeX_40x40.png; sourceTree = "<group>"; };
		7E7A9632128FA05E0082EC0F /* UnCheckedBox_40x40.png */ = {isa = PBXFileReference; lastKnownFileType = image.png; path = UnCheckedBox_40x40.png; sourceTree = "<group>"; };
		7E93758F12ADE79400682BF2 /* InfoWindowViewController.h */ = {isa = PBXFileReference; fileEncoding = 4; lastKnownFileType = sourcecode.c.h; path = InfoWindowViewController.h; sourceTree = "<group>"; };
		7E93759012ADE79400682BF2 /* InfoWindowViewController.m */ = {isa = PBXFileReference; fileEncoding = 4; lastKnownFileType = sourcecode.c.objc; path = InfoWindowViewController.m; sourceTree = "<group>"; };
		7ECEE9E6128FA7EF00B0EBFB /* Default-iPad.png */ = {isa = PBXFileReference; lastKnownFileType = image.png; path = "Default-iPad.png"; sourceTree = "<group>"; };
		7ECEEA6A128FB86300B0EBFB /* Icon_72x72.png */ = {isa = PBXFileReference; lastKnownFileType = image.png; path = Icon_72x72.png; sourceTree = "<group>"; };
		8D1107310486CEB800E47090 /* Simply_Done-Info.plist */ = {isa = PBXFileReference; fileEncoding = 4; lastKnownFileType = text.plist.xml; path = "Simply_Done-Info.plist"; plistStructureDefinitionIdentifier = "com.apple.xcode.plist.structure-definition.iphone.info-plist"; sourceTree = "<group>"; };
/* End PBXFileReference section */

/* Begin PBXFrameworksBuildPhase section */
		1D60588F0D05DD3D006BFB54 /* Frameworks */ = {
			isa = PBXFrameworksBuildPhase;
			buildActionMask = 2147483647;
			files = (
				1D60589F0D05DD5A006BFB54 /* Foundation.framework in Frameworks */,
				1DF5F4E00D08C38300B7A737 /* UIKit.framework in Frameworks */,
				2892E4100DC94CBA00A64D0F /* CoreGraphics.framework in Frameworks */,
				7E7A95F5128F9F880082EC0F /* MessageUI.framework in Frameworks */,
				7E7A95F7128F9F880082EC0F /* libsqlite3.0.dylib in Frameworks */,
			);
			runOnlyForDeploymentPostprocessing = 0;
		};
/* End PBXFrameworksBuildPhase section */

/* Begin PBXGroup section */
		080E96DDFE201D6D7F000001 /* Classes */ = {
			isa = PBXGroup;
			children = (
				7E7A95E2128F9F720082EC0F /* Constants.h */,
				7E7A95E3128F9F720082EC0F /* DBUtil.h */,
				7E7A95E4128F9F720082EC0F /* DBUtil.m */,
				7E7A95E5128F9F720082EC0F /* Item.h */,
				7E7A95E6128F9F720082EC0F /* Item.m */,
				7E7A95E7128F9F720082EC0F /* ItemList.h */,
				7E7A95E8128F9F720082EC0F /* ItemList.m */,
				7E7A95E9128F9F720082EC0F /* ListViewController.h */,
				7E7A95EA128F9F720082EC0F /* ListViewController.m */,
				7E7A95EB128F9F720082EC0F /* ListViewController.xib */,
				7E7A960B128FA0090082EC0F /* Session.m */,
				7E7A95ED128F9F720082EC0F /* Session.h */,
				28C286DF0D94DF7D0034E888 /* RootViewController.h */,
				28C286E00D94DF7D0034E888 /* RootViewController.m */,
				1D3623240D0F684500981E51 /* Simply_DoneAppDelegate.h */,
				1D3623250D0F684500981E51 /* Simply_DoneAppDelegate.m */,
				7E93758F12ADE79400682BF2 /* InfoWindowViewController.h */,
				7E93759012ADE79400682BF2 /* InfoWindowViewController.m */,
			);
			path = Classes;
			sourceTree = "<group>";
		};
		19C28FACFE9D520D11CA2CBB /* Products */ = {
			isa = PBXGroup;
			children = (
				1D6058910D05DD3D006BFB54 /* Simply Done.app */,
			);
			name = Products;
			sourceTree = "<group>";
		};
		29B97314FDCFA39411CA2CEA /* CustomTemplate */ = {
			isa = PBXGroup;
			children = (
				7E7A961C128FA0320082EC0F /* Graphics */,
				080E96DDFE201D6D7F000001 /* Classes */,
				29B97315FDCFA39411CA2CEA /* Other Sources */,
				29B97317FDCFA39411CA2CEA /* Resources */,
				29B97323FDCFA39411CA2CEA /* Frameworks */,
				19C28FACFE9D520D11CA2CBB /* Products */,
			);
			name = CustomTemplate;
			sourceTree = "<group>";
		};
		29B97315FDCFA39411CA2CEA /* Other Sources */ = {
			isa = PBXGroup;
			children = (
				28A0AAE50D9B0CCF005BE974 /* Simply_Done_Prefix.pch */,
				29B97316FDCFA39411CA2CEA /* main.m */,
			);
			name = "Other Sources";
			sourceTree = "<group>";
		};
		29B97317FDCFA39411CA2CEA /* Resources */ = {
			isa = PBXGroup;
			children = (
				7E7A95EC128F9F720082EC0F /* sd.sqlite */,
				28F335F01007B36200424DE2 /* RootViewController.xib */,
				28AD735F0D9D9599002E5188 /* MainWindow.xib */,
				8D1107310486CEB800E47090 /* Simply_Done-Info.plist */,
			);
			name = Resources;
			sourceTree = "<group>";
		};
		29B97323FDCFA39411CA2CEA /* Frameworks */ = {
			isa = PBXGroup;
			children = (
				1DF5F4DF0D08C38300B7A737 /* UIKit.framework */,
				1D30AB110D05D00D00671497 /* Foundation.framework */,
				2892E40F0DC94CBA00A64D0F /* CoreGraphics.framework */,
				7E7A95F4128F9F880082EC0F /* MessageUI.framework */,
				7E7A95F6128F9F880082EC0F /* libsqlite3.0.dylib */,
			);
			name = Frameworks;
			sourceTree = "<group>";
		};
		7E7A961C128FA0320082EC0F /* Graphics */ = {
			isa = PBXGroup;
			children = (
				7ECEEA6A128FB86300B0EBFB /* Icon_72x72.png */,
				7ECEE9E6128FA7EF00B0EBFB /* Default-iPad.png */,
				7E7A9627128FA05E0082EC0F /* CheckedBox_40x40.png */,
				7E7A9629128FA05E0082EC0F /* HeaderBar.png */,
				7E7A962A128FA05E0082EC0F /* Icon_22x29.png */,
				7E7A962B128FA05E0082EC0F /* Icon_44x58.png */,
				7E7A962C128FA05E0082EC0F /* Icon_57x57.png */,
				7E7A962D128FA05E0082EC0F /* Icon_114x114.png */,
				7E7A962E128FA05E0082EC0F /* Icon_512x512.png */,
				7E7A962F128FA05E0082EC0F /* Default-iPhone.png */,
				7E7A9630128FA05E0082EC0F /* ListIcon_80x80.png */,
				7E7A9631128FA05E0082EC0F /* OrangeX_40x40.png */,
				7E7A9632128FA05E0082EC0F /* UnCheckedBox_40x40.png */,
				7E7A961D128FA0480082EC0F /* ContactAdd.jpg */,
				7E7A961F128FA0480082EC0F /* ListIcon-80x80-on-black.png */,
				7E7A9621128FA0480082EC0F /* ListIcon.png */,
			);
			name = Graphics;
			sourceTree = "<group>";
		};
/* End PBXGroup section */

/* Begin PBXNativeTarget section */
		1D6058900D05DD3D006BFB54 /* Simply Done */ = {
			isa = PBXNativeTarget;
			buildConfigurationList = 1D6058960D05DD3E006BFB54 /* Build configuration list for PBXNativeTarget "Simply Done" */;
			buildPhases = (
				1D60588D0D05DD3D006BFB54 /* Resources */,
				1D60588E0D05DD3D006BFB54 /* Sources */,
				1D60588F0D05DD3D006BFB54 /* Frameworks */,
			);
			buildRules = (
			);
			dependencies = (
			);
			name = "Simply Done";
			productName = "Simply Done";
			productReference = 1D6058910D05DD3D006BFB54 /* Simply Done.app */;
			productType = "com.apple.product-type.application";
		};
/* End PBXNativeTarget section */

/* Begin PBXProject section */
		29B97313FDCFA39411CA2CEA /* Project object */ = {
			isa = PBXProject;
			attributes = {
				LastUpgradeCheck = 0420;
			};
			buildConfigurationList = C01FCF4E08A954540054247B /* Build configuration list for PBXProject "Simply Done" */;
			compatibilityVersion = "Xcode 3.2";
			developmentRegion = English;
			hasScannedForEncodings = 1;
			knownRegions = (
				English,
				Japanese,
				French,
				German,
				en,
			);
			mainGroup = 29B97314FDCFA39411CA2CEA /* CustomTemplate */;
			projectDirPath = "";
			projectRoot = "";
			targets = (
				1D6058900D05DD3D006BFB54 /* Simply Done */,
			);
		};
/* End PBXProject section */

/* Begin PBXResourcesBuildPhase section */
		1D60588D0D05DD3D006BFB54 /* Resources */ = {
			isa = PBXResourcesBuildPhase;
			buildActionMask = 2147483647;
			files = (
				28AD73600D9D9599002E5188 /* MainWindow.xib in Resources */,
				28F335F11007B36200424DE2 /* RootViewController.xib in Resources */,
				7E7A95F2128F9F720082EC0F /* ListViewController.xib in Resources */,
				7E7A95F3128F9F720082EC0F /* sd.sqlite in Resources */,
				7E7A9622128FA0480082EC0F /* ContactAdd.jpg in Resources */,
				7E7A9624128FA0480082EC0F /* ListIcon-80x80-on-black.png in Resources */,
				7E7A9626128FA0480082EC0F /* ListIcon.png in Resources */,
				7E7A9633128FA05E0082EC0F /* CheckedBox_40x40.png in Resources */,
				7E7A9635128FA05E0082EC0F /* HeaderBar.png in Resources */,
				7E7A9636128FA05E0082EC0F /* Icon_22x29.png in Resources */,
				7E7A9637128FA05E0082EC0F /* Icon_44x58.png in Resources */,
				7E7A9638128FA05E0082EC0F /* Icon_57x57.png in Resources */,
				7E7A9639128FA05E0082EC0F /* Icon_114x114.png in Resources */,
				7E7A963A128FA05E0082EC0F /* Icon_512x512.png in Resources */,
				7E7A963B128FA05E0082EC0F /* Default-iPhone.png in Resources */,
				7E7A963C128FA05E0082EC0F /* ListIcon_80x80.png in Resources */,
				7E7A963D128FA05E0082EC0F /* OrangeX_40x40.png in Resources */,
				7E7A963E128FA05E0082EC0F /* UnCheckedBox_40x40.png in Resources */,
				7ECEE9E7128FA7EF00B0EBFB /* Default-iPad.png in Resources */,
				7ECEEA6B128FB86300B0EBFB /* Icon_72x72.png in Resources */,
			);
			runOnlyForDeploymentPostprocessing = 0;
		};
/* End PBXResourcesBuildPhase section */

/* Begin PBXSourcesBuildPhase section */
		1D60588E0D05DD3D006BFB54 /* Sources */ = {
			isa = PBXSourcesBuildPhase;
			buildActionMask = 2147483647;
			files = (
				1D60589B0D05DD56006BFB54 /* main.m in Sources */,
				1D3623260D0F684500981E51 /* Simply_DoneAppDelegate.m in Sources */,
				28C286E10D94DF7D0034E888 /* RootViewController.m in Sources */,
				7E7A95EE128F9F720082EC0F /* DBUtil.m in Sources */,
				7E7A95EF128F9F720082EC0F /* Item.m in Sources */,
				7E7A95F0128F9F720082EC0F /* ItemList.m in Sources */,
				7E7A95F1128F9F720082EC0F /* ListViewController.m in Sources */,
				7E7A960C128FA0090082EC0F /* Session.m in Sources */,
				7E93759112ADE79400682BF2 /* InfoWindowViewController.m in Sources */,
			);
			runOnlyForDeploymentPostprocessing = 0;
		};
/* End PBXSourcesBuildPhase section */

/* Begin XCBuildConfiguration section */
		1D6058940D05DD3E006BFB54 /* Debug */ = {
			isa = XCBuildConfiguration;
			buildSettings = {
				ALWAYS_SEARCH_USER_PATHS = NO;
				COPY_PHASE_STRIP = NO;
				GCC_DYNAMIC_NO_PIC = NO;
				GCC_OPTIMIZATION_LEVEL = 0;
				GCC_PRECOMPILE_PREFIX_HEADER = YES;
				GCC_PREFIX_HEADER = Simply_Done_Prefix.pch;
				INFOPLIST_FILE = "Simply_Done-Info.plist";
				PRODUCT_NAME = "Simply Done";
			};
			name = Debug;
		};
		1D6058950D05DD3E006BFB54 /* Release */ = {
			isa = XCBuildConfiguration;
			buildSettings = {
				ALWAYS_SEARCH_USER_PATHS = NO;
				COPY_PHASE_STRIP = YES;
				GCC_PRECOMPILE_PREFIX_HEADER = YES;
				GCC_PREFIX_HEADER = Simply_Done_Prefix.pch;
				INFOPLIST_FILE = "Simply_Done-Info.plist";
				PRODUCT_NAME = "Simply Done";
				VALIDATE_PRODUCT = YES;
			};
			name = Release;
		};
		7ECEEA3A128FB0B300B0EBFB /* Distribution */ = {
			isa = XCBuildConfiguration;
			buildSettings = {
				ARCHS = "$(ARCHS_STANDARD_32_BIT)";
				GCC_C_LANGUAGE_STANDARD = c99;
				GCC_WARN_ABOUT_RETURN_TYPE = YES;
				GCC_WARN_UNUSED_VARIABLE = YES;
				IPHONEOS_DEPLOYMENT_TARGET = 3.2;
				OTHER_CFLAGS = "-DNS_BLOCK_ASSERTIONS=1";
				PRODUCT_NAME = "Simply Done";
				SDKROOT = iphoneos;
				TARGETED_DEVICE_FAMILY = "1,2";
			};
			name = Distribution;
		};
		7ECEEA3B128FB0B300B0EBFB /* Distribution */ = {
			isa = XCBuildConfiguration;
			buildSettings = {
				ALWAYS_SEARCH_USER_PATHS = NO;
				"CODE_SIGN_IDENTITY[sdk=iphoneos*]" = "iPhone Distribution: Bordertown Labs, LLC";
				COPY_PHASE_STRIP = YES;
				GCC_PRECOMPILE_PREFIX_HEADER = YES;
				GCC_PREFIX_HEADER = Simply_Done_Prefix.pch;
				INFOPLIST_FILE = "Simply_Done-Info.plist";
				PRODUCT_NAME = "Simply-Done";
				"PROVISIONING_PROFILE[sdk=iphoneos*]" = "1A679EC9-C952-492A-B7A3-4140DBAA4B33";
				VALIDATE_PRODUCT = YES;
			};
			name = Distribution;
		};
		C01FCF4F08A954540054247B /* Debug */ = {
			isa = XCBuildConfiguration;
			buildSettings = {
				ARCHS = "$(ARCHS_STANDARD_32_BIT)";
				"CODE_SIGN_IDENTITY[sdk=iphoneos*]" = "iPhone Developer";
				GCC_C_LANGUAGE_STANDARD = c99;
				GCC_WARN_ABOUT_RETURN_TYPE = YES;
				GCC_WARN_UNUSED_VARIABLE = YES;
				IPHONEOS_DEPLOYMENT_TARGET = 3.2;
				SDKROOT = iphoneos;
				TARGETED_DEVICE_FAMILY = "1,2";
			};
			name = Debug;
		};
		C01FCF5008A954540054247B /* Release */ = {
			isa = XCBuildConfiguration;
			buildSettings = {
				ARCHS = "$(ARCHS_STANDARD_32_BIT)";
				"CODE_SIGN_IDENTITY[sdk=iphoneos*]" = "iPhone Developer";
				GCC_C_LANGUAGE_STANDARD = c99;
				GCC_WARN_ABOUT_RETURN_TYPE = YES;
				GCC_WARN_UNUSED_VARIABLE = YES;
				IPHONEOS_DEPLOYMENT_TARGET = 3.2;
				OTHER_CFLAGS = "-DNS_BLOCK_ASSERTIONS=1";
				SDKROOT = iphoneos;
				TARGETED_DEVICE_FAMILY = "1,2";
			};
			name = Release;
		};
/* End XCBuildConfiguration section */

/* Begin XCConfigurationList section */
		1D6058960D05DD3E006BFB54 /* Build configuration list for PBXNativeTarget "Simply Done" */ = {
			isa = XCConfigurationList;
			buildConfigurations = (
				1D6058940D05DD3E006BFB54 /* Debug */,
				1D6058950D05DD3E006BFB54 /* Release */,
				7ECEEA3B128FB0B300B0EBFB /* Distribution */,
			);
			defaultConfigurationIsVisible = 0;
			defaultConfigurationName = Release;
		};
		C01FCF4E08A954540054247B /* Build configuration list for PBXProject "Simply Done" */ = {
			isa = XCConfigurationList;
			buildConfigurations = (
				C01FCF4F08A954540054247B /* Debug */,
				C01FCF5008A954540054247B /* Release */,
				7ECEEA3A128FB0B300B0EBFB /* Distribution */,
			);
			defaultConfigurationIsVisible = 0;
			defaultConfigurationName = Release;
		};
/* End XCConfigurationList section */
	};
	rootObject = 29B97313FDCFA39411CA2CEA /* Project object */;
}
