// !$*UTF8*$!
{
	archiveVersion = 1;
	classes = {
	};
	objectVersion = 45;
	objects = {

/* Begin PBXBuildFile section */
		1D3623260D0F684500981E51 /* Simply_DoneAppDelegate.m in Sources */ = {isa = PBXBuildFile; fileRef = 1D3623250D0F684500981E51 /* Simply_DoneAppDelegate.m */; };
		1D60589B0D05DD56006BFB54 /* main.m in Sources */ = {isa = PBXBuildFile; fileRef = 29B97316FDCFA39411CA2CEA /* main.m */; };
		1D60589F0D05DD5A006BFB54 /* Foundation.framework in Frameworks */ = {isa = PBXBuildFile; fileRef = 1D30AB110D05D00D00671497 /* Foundation.framework */; };
		1DF5F4E00D08C38300B7A737 /* UIKit.framework in Frameworks */ = {isa = PBXBuildFile; fileRef = 1DF5F4DF0D08C38300B7A737 /* UIKit.framework */; };
		2892E4100DC94CBA00A64D0F /* CoreGraphics.framework in Frameworks */ = {isa = PBXBuildFile; fileRef = 2892E40F0DC94CBA00A64D0F /* CoreGraphics.framework */; };
		28AD73600D9D9599002E5188 /* MainWindow.xib in Resources */ = {isa = PBXBuildFile; fileRef = 28AD735F0D9D9599002E5188 /* MainWindow.xib */; };
		28C286E10D94DF7D0034E888 /* RootViewController.m in Sources */ = {isa = PBXBuildFile; fileRef = 28C286E00D94DF7D0034E888 /* RootViewController.m */; };
		28F335F11007B36200424DE2 /* RootViewController.xib in Resources */ = {isa = PBXBuildFile; fileRef = 28F335F01007B36200424DE2 /* RootViewController.xib */; };
		7E18E94C126B8C8500674445 /* ContactAdd.jpg in Resources */ = {isa = PBXBuildFile; fileRef = 7E18E94B126B8C8500674445 /* ContactAdd.jpg */; };
		7E18E94D126B8C8500674445 /* ContactAdd.jpg in Resources */ = {isa = PBXBuildFile; fileRef = 7E18E94B126B8C8500674445 /* ContactAdd.jpg */; };
		7E471B4A12690BF6008FBAAD /* ListViewController.m in Sources */ = {isa = PBXBuildFile; fileRef = 7E471B4812690BF6008FBAAD /* ListViewController.m */; };
		7E471B4B12690BF6008FBAAD /* ListViewController.xib in Resources */ = {isa = PBXBuildFile; fileRef = 7E471B4912690BF6008FBAAD /* ListViewController.xib */; };
		7E471B4C12690BF6008FBAAD /* ListViewController.m in Sources */ = {isa = PBXBuildFile; fileRef = 7E471B4812690BF6008FBAAD /* ListViewController.m */; };
		7E471B4D12690BF6008FBAAD /* ListViewController.xib in Resources */ = {isa = PBXBuildFile; fileRef = 7E471B4912690BF6008FBAAD /* ListViewController.xib */; };
		7E471B6C12690D82008FBAAD /* Session.m in Sources */ = {isa = PBXBuildFile; fileRef = 7E471B6B12690D82008FBAAD /* Session.m */; };
		7E471B6D12690D82008FBAAD /* Session.m in Sources */ = {isa = PBXBuildFile; fileRef = 7E471B6B12690D82008FBAAD /* Session.m */; };
		7E8962D21270CD49006369D4 /* ListOptionsViewController.m in Sources */ = {isa = PBXBuildFile; fileRef = 7E8962D01270CD49006369D4 /* ListOptionsViewController.m */; };
		7E8962D31270CD49006369D4 /* ListOptionsViewController.xib in Resources */ = {isa = PBXBuildFile; fileRef = 7E8962D11270CD49006369D4 /* ListOptionsViewController.xib */; };
		7E8962D41270CD49006369D4 /* ListOptionsViewController.m in Sources */ = {isa = PBXBuildFile; fileRef = 7E8962D01270CD49006369D4 /* ListOptionsViewController.m */; };
		7E8962D51270CD49006369D4 /* ListOptionsViewController.xib in Resources */ = {isa = PBXBuildFile; fileRef = 7E8962D11270CD49006369D4 /* ListOptionsViewController.xib */; };
		7E8964DD1270F740006369D4 /* MessageUI.framework in Frameworks */ = {isa = PBXBuildFile; fileRef = 7E8964DC1270F740006369D4 /* MessageUI.framework */; };
		7EAAB508127A641C000C84FA /* Icon_22x29.png in Resources */ = {isa = PBXBuildFile; fileRef = 7EAAB505127A641C000C84FA /* Icon_22x29.png */; };
		7EAAB509127A641C000C84FA /* Icon_57x57.png in Resources */ = {isa = PBXBuildFile; fileRef = 7EAAB506127A641C000C84FA /* Icon_57x57.png */; };
		7EAAB50A127A641C000C84FA /* Icon_512x512.png in Resources */ = {isa = PBXBuildFile; fileRef = 7EAAB507127A641C000C84FA /* Icon_512x512.png */; };
		7EAAB50B127A641C000C84FA /* Icon_22x29.png in Resources */ = {isa = PBXBuildFile; fileRef = 7EAAB505127A641C000C84FA /* Icon_22x29.png */; };
		7EAAB50C127A641C000C84FA /* Icon_57x57.png in Resources */ = {isa = PBXBuildFile; fileRef = 7EAAB506127A641C000C84FA /* Icon_57x57.png */; };
		7EAAB50D127A641C000C84FA /* Icon_512x512.png in Resources */ = {isa = PBXBuildFile; fileRef = 7EAAB507127A641C000C84FA /* Icon_512x512.png */; };
		7EAAB51F127A747D000C84FA /* ListIcon_80x80.png in Resources */ = {isa = PBXBuildFile; fileRef = 7EAAB51E127A747D000C84FA /* ListIcon_80x80.png */; };
		7EAAB520127A747D000C84FA /* ListIcon_80x80.png in Resources */ = {isa = PBXBuildFile; fileRef = 7EAAB51E127A747D000C84FA /* ListIcon_80x80.png */; };
		7EAAB59D127A7E03000C84FA /* LaunchImage_640x960.png in Resources */ = {isa = PBXBuildFile; fileRef = 7EAAB59C127A7E03000C84FA /* LaunchImage_640x960.png */; };
		7EAAB59E127A7E03000C84FA /* LaunchImage_640x960.png in Resources */ = {isa = PBXBuildFile; fileRef = 7EAAB59C127A7E03000C84FA /* LaunchImage_640x960.png */; };
		7EAAB5BA127A8479000C84FA /* UnCheckedBox_40x40.png in Resources */ = {isa = PBXBuildFile; fileRef = 7EAAB5B8127A8479000C84FA /* UnCheckedBox_40x40.png */; };
		7EAAB5BB127A8479000C84FA /* CheckedBox_40x40.png in Resources */ = {isa = PBXBuildFile; fileRef = 7EAAB5B9127A8479000C84FA /* CheckedBox_40x40.png */; };
		7EAAB5BC127A8479000C84FA /* UnCheckedBox_40x40.png in Resources */ = {isa = PBXBuildFile; fileRef = 7EAAB5B8127A8479000C84FA /* UnCheckedBox_40x40.png */; };
		7EAAB5BD127A8479000C84FA /* CheckedBox_40x40.png in Resources */ = {isa = PBXBuildFile; fileRef = 7EAAB5B9127A8479000C84FA /* CheckedBox_40x40.png */; };
		7EAAB5C2127A86DF000C84FA /* OrangeX_40x40.png in Resources */ = {isa = PBXBuildFile; fileRef = 7EAAB5C1127A86DF000C84FA /* OrangeX_40x40.png */; };
		7EAAB5C3127A86DF000C84FA /* OrangeX_40x40.png in Resources */ = {isa = PBXBuildFile; fileRef = 7EAAB5C1127A86DF000C84FA /* OrangeX_40x40.png */; };
		7EAAB622127A9AF7000C84FA /* Icon_44x58.png in Resources */ = {isa = PBXBuildFile; fileRef = 7EAAB621127A9AF7000C84FA /* Icon_44x58.png */; };
		7EAAB623127A9AF7000C84FA /* Icon_44x58.png in Resources */ = {isa = PBXBuildFile; fileRef = 7EAAB621127A9AF7000C84FA /* Icon_44x58.png */; };
		7EAAB62B127A9D45000C84FA /* Icon_114x114.png in Resources */ = {isa = PBXBuildFile; fileRef = 7EAAB62A127A9D45000C84FA /* Icon_114x114.png */; };
		7EAAB62C127A9D45000C84FA /* Icon_114x114.png in Resources */ = {isa = PBXBuildFile; fileRef = 7EAAB62A127A9D45000C84FA /* Icon_114x114.png */; };
		7EC5468611DAE60F00A84CC4 /* Item.m in Sources */ = {isa = PBXBuildFile; fileRef = 7EC5468511DAE60F00A84CC4 /* Item.m */; };
		7EC546A111DAE79300A84CC4 /* DBUtil.m in Sources */ = {isa = PBXBuildFile; fileRef = 7EC546A011DAE79300A84CC4 /* DBUtil.m */; };
		7EC546B711DAED8700A84CC4 /* libsqlite3.0.dylib in Frameworks */ = {isa = PBXBuildFile; fileRef = 7EC546B611DAED8700A84CC4 /* libsqlite3.0.dylib */; };
		7EC5470411DAF87300A84CC4 /* DataTest.m in Sources */ = {isa = PBXBuildFile; fileRef = 7EC5470311DAF87300A84CC4 /* DataTest.m */; };
		7EC547B311DAFA2F00A84CC4 /* sd.sqlite in Resources */ = {isa = PBXBuildFile; fileRef = 7EC547B211DAFA2F00A84CC4 /* sd.sqlite */; };
		7EC547B411DAFA2F00A84CC4 /* sd.sqlite in Resources */ = {isa = PBXBuildFile; fileRef = 7EC547B211DAFA2F00A84CC4 /* sd.sqlite */; };
		7EC5481D11DAFE5E00A84CC4 /* DBTest.m in Sources */ = {isa = PBXBuildFile; fileRef = 7EC5481C11DAFE5E00A84CC4 /* DBTest.m */; };
		7EC5481E11DAFE5E00A84CC4 /* DBTest.m in Sources */ = {isa = PBXBuildFile; fileRef = 7EC5481C11DAFE5E00A84CC4 /* DBTest.m */; };
		7EC548C111DB03D100A84CC4 /* ItemList.m in Sources */ = {isa = PBXBuildFile; fileRef = 7EC548C011DB03D100A84CC4 /* ItemList.m */; };
		7EC548C211DB03D100A84CC4 /* ItemList.m in Sources */ = {isa = PBXBuildFile; fileRef = 7EC548C011DB03D100A84CC4 /* ItemList.m */; };
/* End PBXBuildFile section */

/* Begin PBXContainerItemProxy section */
		7EC547CD11DAFACB00A84CC4 /* PBXContainerItemProxy */ = {
			isa = PBXContainerItemProxy;
			containerPortal = 29B97313FDCFA39411CA2CEA /* Project object */;
			proxyType = 1;
			remoteGlobalIDString = 1D6058900D05DD3D006BFB54;
			remoteInfo = "Simply Done";
		};
/* End PBXContainerItemProxy section */

/* Begin PBXFileReference section */
		1D30AB110D05D00D00671497 /* Foundation.framework */ = {isa = PBXFileReference; lastKnownFileType = wrapper.framework; name = Foundation.framework; path = System/Library/Frameworks/Foundation.framework; sourceTree = SDKROOT; };
		1D3623240D0F684500981E51 /* Simply_DoneAppDelegate.h */ = {isa = PBXFileReference; fileEncoding = 4; lastKnownFileType = sourcecode.c.h; path = Simply_DoneAppDelegate.h; sourceTree = "<group>"; };
		1D3623250D0F684500981E51 /* Simply_DoneAppDelegate.m */ = {isa = PBXFileReference; fileEncoding = 4; lastKnownFileType = sourcecode.c.objc; path = Simply_DoneAppDelegate.m; sourceTree = "<group>"; };
		1D6058910D05DD3D006BFB54 /* Simply Done.app */ = {isa = PBXFileReference; explicitFileType = wrapper.application; includeInIndex = 0; path = "Simply Done.app"; sourceTree = BUILT_PRODUCTS_DIR; };
		1DF5F4DF0D08C38300B7A737 /* UIKit.framework */ = {isa = PBXFileReference; lastKnownFileType = wrapper.framework; name = UIKit.framework; path = System/Library/Frameworks/UIKit.framework; sourceTree = SDKROOT; };
		2892E40F0DC94CBA00A64D0F /* CoreGraphics.framework */ = {isa = PBXFileReference; lastKnownFileType = wrapper.framework; name = CoreGraphics.framework; path = System/Library/Frameworks/CoreGraphics.framework; sourceTree = SDKROOT; };
		28A0AAE50D9B0CCF005BE974 /* Simply_Done_Prefix.pch */ = {isa = PBXFileReference; fileEncoding = 4; lastKnownFileType = sourcecode.c.h; path = Simply_Done_Prefix.pch; sourceTree = "<group>"; };
		28AD735F0D9D9599002E5188 /* MainWindow.xib */ = {isa = PBXFileReference; lastKnownFileType = file.xib; path = MainWindow.xib; sourceTree = "<group>"; };
		28C286DF0D94DF7D0034E888 /* RootViewController.h */ = {isa = PBXFileReference; fileEncoding = 4; lastKnownFileType = sourcecode.c.h; path = RootViewController.h; sourceTree = "<group>"; };
		28C286E00D94DF7D0034E888 /* RootViewController.m */ = {isa = PBXFileReference; fileEncoding = 4; lastKnownFileType = sourcecode.c.objc; path = RootViewController.m; sourceTree = "<group>"; };
		28F335F01007B36200424DE2 /* RootViewController.xib */ = {isa = PBXFileReference; lastKnownFileType = file.xib; name = RootViewController.xib; path = ../RootViewController.xib; sourceTree = "<group>"; };
		29B97316FDCFA39411CA2CEA /* main.m */ = {isa = PBXFileReference; fileEncoding = 4; lastKnownFileType = sourcecode.c.objc; path = main.m; sourceTree = "<group>"; };
		7E18E94B126B8C8500674445 /* ContactAdd.jpg */ = {isa = PBXFileReference; lastKnownFileType = image.jpeg; name = ContactAdd.jpg; path = Graphics/ContactAdd.jpg; sourceTree = "<group>"; };
		7E471B4712690BF6008FBAAD /* ListViewController.h */ = {isa = PBXFileReference; fileEncoding = 4; lastKnownFileType = sourcecode.c.h; path = ListViewController.h; sourceTree = "<group>"; };
		7E471B4812690BF6008FBAAD /* ListViewController.m */ = {isa = PBXFileReference; fileEncoding = 4; lastKnownFileType = sourcecode.c.objc; path = ListViewController.m; sourceTree = "<group>"; };
		7E471B4912690BF6008FBAAD /* ListViewController.xib */ = {isa = PBXFileReference; lastKnownFileType = file.xib; path = ListViewController.xib; sourceTree = "<group>"; };
		7E471B6A12690D82008FBAAD /* Session.h */ = {isa = PBXFileReference; fileEncoding = 4; lastKnownFileType = sourcecode.c.h; name = Session.h; path = ../Session.h; sourceTree = "<group>"; };
		7E471B6B12690D82008FBAAD /* Session.m */ = {isa = PBXFileReference; fileEncoding = 4; lastKnownFileType = sourcecode.c.objc; name = Session.m; path = ../Session.m; sourceTree = "<group>"; };
		7E8962CF1270CD49006369D4 /* ListOptionsViewController.h */ = {isa = PBXFileReference; fileEncoding = 4; lastKnownFileType = sourcecode.c.h; path = ListOptionsViewController.h; sourceTree = "<group>"; };
		7E8962D01270CD49006369D4 /* ListOptionsViewController.m */ = {isa = PBXFileReference; fileEncoding = 4; lastKnownFileType = sourcecode.c.objc; path = ListOptionsViewController.m; sourceTree = "<group>"; };
		7E8962D11270CD49006369D4 /* ListOptionsViewController.xib */ = {isa = PBXFileReference; lastKnownFileType = file.xib; path = ListOptionsViewController.xib; sourceTree = "<group>"; };
		7E8964DC1270F740006369D4 /* MessageUI.framework */ = {isa = PBXFileReference; lastKnownFileType = wrapper.framework; name = MessageUI.framework; path = System/Library/Frameworks/MessageUI.framework; sourceTree = SDKROOT; };
		7EAAB505127A641C000C84FA /* Icon_22x29.png */ = {isa = PBXFileReference; lastKnownFileType = image.png; name = Icon_22x29.png; path = Graphics/Raster/Icon_22x29.png; sourceTree = "<group>"; };
		7EAAB506127A641C000C84FA /* Icon_57x57.png */ = {isa = PBXFileReference; lastKnownFileType = image.png; name = Icon_57x57.png; path = Graphics/Raster/Icon_57x57.png; sourceTree = "<group>"; };
		7EAAB507127A641C000C84FA /* Icon_512x512.png */ = {isa = PBXFileReference; lastKnownFileType = image.png; name = Icon_512x512.png; path = Graphics/Raster/Icon_512x512.png; sourceTree = "<group>"; };
		7EAAB51E127A747D000C84FA /* ListIcon_80x80.png */ = {isa = PBXFileReference; lastKnownFileType = image.png; name = ListIcon_80x80.png; path = Graphics/Raster/ListIcon_80x80.png; sourceTree = "<group>"; };
		7EAAB59C127A7E03000C84FA /* LaunchImage_640x960.png */ = {isa = PBXFileReference; lastKnownFileType = image.png; name = LaunchImage_640x960.png; path = Graphics/Raster/LaunchImage_640x960.png; sourceTree = "<group>"; };
		7EAAB5B8127A8479000C84FA /* UnCheckedBox_40x40.png */ = {isa = PBXFileReference; lastKnownFileType = image.png; name = UnCheckedBox_40x40.png; path = Graphics/Raster/UnCheckedBox_40x40.png; sourceTree = "<group>"; };
		7EAAB5B9127A8479000C84FA /* CheckedBox_40x40.png */ = {isa = PBXFileReference; lastKnownFileType = image.png; name = CheckedBox_40x40.png; path = Graphics/Raster/CheckedBox_40x40.png; sourceTree = "<group>"; };
		7EAAB5C1127A86DF000C84FA /* OrangeX_40x40.png */ = {isa = PBXFileReference; lastKnownFileType = image.png; name = OrangeX_40x40.png; path = Graphics/Raster/OrangeX_40x40.png; sourceTree = "<group>"; };
		7EAAB621127A9AF7000C84FA /* Icon_44x58.png */ = {isa = PBXFileReference; lastKnownFileType = image.png; name = Icon_44x58.png; path = Graphics/Raster/Icon_44x58.png; sourceTree = "<group>"; };
		7EAAB62A127A9D45000C84FA /* Icon_114x114.png */ = {isa = PBXFileReference; lastKnownFileType = image.png; name = Icon_114x114.png; path = Graphics/Raster/Icon_114x114.png; sourceTree = "<group>"; };
		7EC5468411DAE60F00A84CC4 /* Item.h */ = {isa = PBXFileReference; fileEncoding = 4; lastKnownFileType = sourcecode.c.h; path = Item.h; sourceTree = "<group>"; };
		7EC5468511DAE60F00A84CC4 /* Item.m */ = {isa = PBXFileReference; fileEncoding = 4; lastKnownFileType = sourcecode.c.objc; path = Item.m; sourceTree = "<group>"; };
		7EC5469F11DAE79300A84CC4 /* DBUtil.h */ = {isa = PBXFileReference; fileEncoding = 4; lastKnownFileType = sourcecode.c.h; path = DBUtil.h; sourceTree = "<group>"; };
		7EC546A011DAE79300A84CC4 /* DBUtil.m */ = {isa = PBXFileReference; fileEncoding = 4; lastKnownFileType = sourcecode.c.objc; path = DBUtil.m; sourceTree = "<group>"; };
		7EC546A211DAE86900A84CC4 /* Constants.h */ = {isa = PBXFileReference; fileEncoding = 4; lastKnownFileType = sourcecode.c.h; path = Constants.h; sourceTree = "<group>"; };
		7EC546B611DAED8700A84CC4 /* libsqlite3.0.dylib */ = {isa = PBXFileReference; lastKnownFileType = "compiled.mach-o.dylib"; name = libsqlite3.0.dylib; path = usr/lib/libsqlite3.0.dylib; sourceTree = SDKROOT; };
		7EC546FB11DAF73800A84CC4 /* Unit Tests.octest */ = {isa = PBXFileReference; explicitFileType = wrapper.cfbundle; includeInIndex = 0; path = "Unit Tests.octest"; sourceTree = BUILT_PRODUCTS_DIR; };
		7EC546FC11DAF73800A84CC4 /* Unit Tests-Info.plist */ = {isa = PBXFileReference; lastKnownFileType = text.plist.xml; path = "Unit Tests-Info.plist"; sourceTree = "<group>"; };
		7EC5470211DAF87300A84CC4 /* DataTest.h */ = {isa = PBXFileReference; fileEncoding = 4; lastKnownFileType = sourcecode.c.h; path = DataTest.h; sourceTree = "<group>"; };
		7EC5470311DAF87300A84CC4 /* DataTest.m */ = {isa = PBXFileReference; fileEncoding = 4; lastKnownFileType = sourcecode.c.objc; path = DataTest.m; sourceTree = "<group>"; };
		7EC547B211DAFA2F00A84CC4 /* sd.sqlite */ = {isa = PBXFileReference; lastKnownFileType = file; path = sd.sqlite; sourceTree = "<group>"; };
		7EC5481B11DAFE5D00A84CC4 /* DBTest.h */ = {isa = PBXFileReference; fileEncoding = 4; lastKnownFileType = sourcecode.c.h; path = DBTest.h; sourceTree = "<group>"; };
		7EC5481C11DAFE5E00A84CC4 /* DBTest.m */ = {isa = PBXFileReference; fileEncoding = 4; lastKnownFileType = sourcecode.c.objc; path = DBTest.m; sourceTree = "<group>"; };
		7EC548BF11DB03D100A84CC4 /* ItemList.h */ = {isa = PBXFileReference; fileEncoding = 4; lastKnownFileType = sourcecode.c.h; path = ItemList.h; sourceTree = "<group>"; };
		7EC548C011DB03D100A84CC4 /* ItemList.m */ = {isa = PBXFileReference; fileEncoding = 4; lastKnownFileType = sourcecode.c.objc; path = ItemList.m; sourceTree = "<group>"; };
		8D1107310486CEB800E47090 /* Simply_Done-Info.plist */ = {isa = PBXFileReference; fileEncoding = 4; lastKnownFileType = text.plist.xml; path = "Simply_Done-Info.plist"; plistStructureDefinitionIdentifier = "com.apple.xcode.plist.structure-definition.iphone.info-plist"; sourceTree = "<group>"; };
/* End PBXFileReference section */

/* Begin PBXFrameworksBuildPhase section */
		1D60588F0D05DD3D006BFB54 /* Frameworks */ = {
			isa = PBXFrameworksBuildPhase;
			buildActionMask = 2147483647;
			files = (
				1D60589F0D05DD5A006BFB54 /* Foundation.framework in Frameworks */,
				1DF5F4E00D08C38300B7A737 /* UIKit.framework in Frameworks */,
				2892E4100DC94CBA00A64D0F /* CoreGraphics.framework in Frameworks */,
				7EC546B711DAED8700A84CC4 /* libsqlite3.0.dylib in Frameworks */,
				7E8964DD1270F740006369D4 /* MessageUI.framework in Frameworks */,
			);
			runOnlyForDeploymentPostprocessing = 0;
		};
		7EC546F811DAF73800A84CC4 /* Frameworks */ = {
			isa = PBXFrameworksBuildPhase;
			buildActionMask = 2147483647;
			files = (
			);
			runOnlyForDeploymentPostprocessing = 0;
		};
/* End PBXFrameworksBuildPhase section */

/* Begin PBXGroup section */
		080E96DDFE201D6D7F000001 /* Main */ = {
			isa = PBXGroup;
			children = (
				28C286DF0D94DF7D0034E888 /* RootViewController.h */,
				28C286E00D94DF7D0034E888 /* RootViewController.m */,
				28F335F01007B36200424DE2 /* RootViewController.xib */,
				7E8962CF1270CD49006369D4 /* ListOptionsViewController.h */,
				7E8962D01270CD49006369D4 /* ListOptionsViewController.m */,
				7E8962D11270CD49006369D4 /* ListOptionsViewController.xib */,
				1D3623240D0F684500981E51 /* Simply_DoneAppDelegate.h */,
				1D3623250D0F684500981E51 /* Simply_DoneAppDelegate.m */,
				7E471B6A12690D82008FBAAD /* Session.h */,
				7E471B6B12690D82008FBAAD /* Session.m */,
			);
			name = Main;
			path = Classes;
			sourceTree = "<group>";
		};
		19C28FACFE9D520D11CA2CBB /* Products */ = {
			isa = PBXGroup;
			children = (
				1D6058910D05DD3D006BFB54 /* Simply Done.app */,
				7EC546FB11DAF73800A84CC4 /* Unit Tests.octest */,
			);
			name = Products;
			sourceTree = "<group>";
		};
		29B97314FDCFA39411CA2CEA /* CustomTemplate */ = {
			isa = PBXGroup;
			children = (
				7E471B3B12690B88008FBAAD /* ListView */,
				7EC5467E11DAE59900A84CC4 /* Data */,
				080E96DDFE201D6D7F000001 /* Main */,
				29B97315FDCFA39411CA2CEA /* Other Sources */,
				7E5410B211EBC89F009048D8 /* Graphics */,
				29B97317FDCFA39411CA2CEA /* Resources */,
				29B97323FDCFA39411CA2CEA /* Frameworks */,
				19C28FACFE9D520D11CA2CBB /* Products */,
				7EC5470611DAF87C00A84CC4 /* Unit Tests */,
			);
			name = CustomTemplate;
			sourceTree = "<group>";
		};
		29B97315FDCFA39411CA2CEA /* Other Sources */ = {
			isa = PBXGroup;
			children = (
				28A0AAE50D9B0CCF005BE974 /* Simply_Done_Prefix.pch */,
				29B97316FDCFA39411CA2CEA /* main.m */,
			);
			name = "Other Sources";
			sourceTree = "<group>";
		};
		29B97317FDCFA39411CA2CEA /* Resources */ = {
			isa = PBXGroup;
			children = (
				7EC547B211DAFA2F00A84CC4 /* sd.sqlite */,
				28AD735F0D9D9599002E5188 /* MainWindow.xib */,
				8D1107310486CEB800E47090 /* Simply_Done-Info.plist */,
			);
			name = Resources;
			sourceTree = "<group>";
		};
		29B97323FDCFA39411CA2CEA /* Frameworks */ = {
			isa = PBXGroup;
			children = (
				7E8964DC1270F740006369D4 /* MessageUI.framework */,
				7EC546B611DAED8700A84CC4 /* libsqlite3.0.dylib */,
				1DF5F4DF0D08C38300B7A737 /* UIKit.framework */,
				1D30AB110D05D00D00671497 /* Foundation.framework */,
				2892E40F0DC94CBA00A64D0F /* CoreGraphics.framework */,
			);
			name = Frameworks;
			sourceTree = "<group>";
		};
		7E471B3B12690B88008FBAAD /* ListView */ = {
			isa = PBXGroup;
			children = (
				7E471B4712690BF6008FBAAD /* ListViewController.h */,
				7E471B4812690BF6008FBAAD /* ListViewController.m */,
				7E471B4912690BF6008FBAAD /* ListViewController.xib */,
			);
			name = ListView;
			sourceTree = "<group>";
		};
		7E5410B211EBC89F009048D8 /* Graphics */ = {
			isa = PBXGroup;
			children = (
				7EAAB62A127A9D45000C84FA /* Icon_114x114.png */,
				7EAAB621127A9AF7000C84FA /* Icon_44x58.png */,
				7EAAB5C1127A86DF000C84FA /* OrangeX_40x40.png */,
				7EAAB5B8127A8479000C84FA /* UnCheckedBox_40x40.png */,
				7EAAB5B9127A8479000C84FA /* CheckedBox_40x40.png */,
				7EAAB59C127A7E03000C84FA /* LaunchImage_640x960.png */,
				7EAAB51E127A747D000C84FA /* ListIcon_80x80.png */,
				7EAAB505127A641C000C84FA /* Icon_22x29.png */,
				7EAAB506127A641C000C84FA /* Icon_57x57.png */,
				7EAAB507127A641C000C84FA /* Icon_512x512.png */,
				7E18E94B126B8C8500674445 /* ContactAdd.jpg */,
			);
			name = Graphics;
			sourceTree = "<group>";
		};
		7EC5467E11DAE59900A84CC4 /* Data */ = {
			isa = PBXGroup;
			children = (
				7EC548BF11DB03D100A84CC4 /* ItemList.h */,
				7EC548C011DB03D100A84CC4 /* ItemList.m */,
				7EC5468411DAE60F00A84CC4 /* Item.h */,
				7EC5468511DAE60F00A84CC4 /* Item.m */,
				7EC5469F11DAE79300A84CC4 /* DBUtil.h */,
				7EC546A011DAE79300A84CC4 /* DBUtil.m */,
				7EC546A211DAE86900A84CC4 /* Constants.h */,
				7EC5481B11DAFE5D00A84CC4 /* DBTest.h */,
				7EC5481C11DAFE5E00A84CC4 /* DBTest.m */,
			);
			name = Data;
			sourceTree = "<group>";
		};
		7EC5470611DAF87C00A84CC4 /* Unit Tests */ = {
			isa = PBXGroup;
			children = (
				7EC546FC11DAF73800A84CC4 /* Unit Tests-Info.plist */,
				7EC5470211DAF87300A84CC4 /* DataTest.h */,
				7EC5470311DAF87300A84CC4 /* DataTest.m */,
			);
			name = "Unit Tests";
			sourceTree = "<group>";
		};
/* End PBXGroup section */

/* Begin PBXNativeTarget section */
		1D6058900D05DD3D006BFB54 /* Simply Done */ = {
			isa = PBXNativeTarget;
			buildConfigurationList = 1D6058960D05DD3E006BFB54 /* Build configuration list for PBXNativeTarget "Simply Done" */;
			buildPhases = (
				1D60588D0D05DD3D006BFB54 /* Resources */,
				1D60588E0D05DD3D006BFB54 /* Sources */,
				1D60588F0D05DD3D006BFB54 /* Frameworks */,
			);
			buildRules = (
			);
			dependencies = (
			);
			name = "Simply Done";
			productName = "Simply Done";
			productReference = 1D6058910D05DD3D006BFB54 /* Simply Done.app */;
			productType = "com.apple.product-type.application";
		};
		7EC546FA11DAF73800A84CC4 /* Unit Tests */ = {
			isa = PBXNativeTarget;
			buildConfigurationList = 7EC546FF11DAF73900A84CC4 /* Build configuration list for PBXNativeTarget "Unit Tests" */;
			buildPhases = (
				7EC546F611DAF73800A84CC4 /* Resources */,
				7EC546F711DAF73800A84CC4 /* Sources */,
				7EC546F811DAF73800A84CC4 /* Frameworks */,
				7EC546F911DAF73800A84CC4 /* ShellScript */,
			);
			buildRules = (
			);
			dependencies = (
				7EC547CE11DAFACB00A84CC4 /* PBXTargetDependency */,
			);
			name = "Unit Tests";
			productName = "Unit Tests";
			productReference = 7EC546FB11DAF73800A84CC4 /* Unit Tests.octest */;
			productType = "com.apple.product-type.bundle";
		};
/* End PBXNativeTarget section */

/* Begin PBXProject section */
		29B97313FDCFA39411CA2CEA /* Project object */ = {
			isa = PBXProject;
			buildConfigurationList = C01FCF4E08A954540054247B /* Build configuration list for PBXProject "Simply Done" */;
			compatibilityVersion = "Xcode 3.1";
			developmentRegion = English;
			hasScannedForEncodings = 1;
			knownRegions = (
				English,
				Japanese,
				French,
				German,
				en,
			);
			mainGroup = 29B97314FDCFA39411CA2CEA /* CustomTemplate */;
			projectDirPath = "";
			projectRoot = "";
			targets = (
				1D6058900D05DD3D006BFB54 /* Simply Done */,
				7EC546FA11DAF73800A84CC4 /* Unit Tests */,
			);
		};
/* End PBXProject section */

/* Begin PBXResourcesBuildPhase section */
		1D60588D0D05DD3D006BFB54 /* Resources */ = {
			isa = PBXResourcesBuildPhase;
			buildActionMask = 2147483647;
			files = (
				28AD73600D9D9599002E5188 /* MainWindow.xib in Resources */,
				28F335F11007B36200424DE2 /* RootViewController.xib in Resources */,
				7EC547B411DAFA2F00A84CC4 /* sd.sqlite in Resources */,
				7E471B4D12690BF6008FBAAD /* ListViewController.xib in Resources */,
				7E18E94D126B8C8500674445 /* ContactAdd.jpg in Resources */,
				7E8962D51270CD49006369D4 /* ListOptionsViewController.xib in Resources */,
				7EAAB50B127A641C000C84FA /* Icon_22x29.png in Resources */,
				7EAAB50C127A641C000C84FA /* Icon_57x57.png in Resources */,
				7EAAB50D127A641C000C84FA /* Icon_512x512.png in Resources */,
				7EAAB520127A747D000C84FA /* ListIcon_80x80.png in Resources */,
				7EAAB59E127A7E03000C84FA /* LaunchImage_640x960.png in Resources */,
				7EAAB5BC127A8479000C84FA /* UnCheckedBox_40x40.png in Resources */,
				7EAAB5BD127A8479000C84FA /* CheckedBox_40x40.png in Resources */,
				7EAAB5C3127A86DF000C84FA /* OrangeX_40x40.png in Resources */,
				7EAAB623127A9AF7000C84FA /* Icon_44x58.png in Resources */,
				7EAAB62C127A9D45000C84FA /* Icon_114x114.png in Resources */,
			);
			runOnlyForDeploymentPostprocessing = 0;
		};
		7EC546F611DAF73800A84CC4 /* Resources */ = {
			isa = PBXResourcesBuildPhase;
			buildActionMask = 2147483647;
			files = (
				7EC547B311DAFA2F00A84CC4 /* sd.sqlite in Resources */,
				7E471B4B12690BF6008FBAAD /* ListViewController.xib in Resources */,
				7E18E94C126B8C8500674445 /* ContactAdd.jpg in Resources */,
				7E8962D31270CD49006369D4 /* ListOptionsViewController.xib in Resources */,
				7EAAB508127A641C000C84FA /* Icon_22x29.png in Resources */,
				7EAAB509127A641C000C84FA /* Icon_57x57.png in Resources */,
				7EAAB50A127A641C000C84FA /* Icon_512x512.png in Resources */,
				7EAAB51F127A747D000C84FA /* ListIcon_80x80.png in Resources */,
				7EAAB59D127A7E03000C84FA /* LaunchImage_640x960.png in Resources */,
				7EAAB5BA127A8479000C84FA /* UnCheckedBox_40x40.png in Resources */,
				7EAAB5BB127A8479000C84FA /* CheckedBox_40x40.png in Resources */,
				7EAAB5C2127A86DF000C84FA /* OrangeX_40x40.png in Resources */,
				7EAAB622127A9AF7000C84FA /* Icon_44x58.png in Resources */,
				7EAAB62B127A9D45000C84FA /* Icon_114x114.png in Resources */,
			);
			runOnlyForDeploymentPostprocessing = 0;
		};
/* End PBXResourcesBuildPhase section */

/* Begin PBXShellScriptBuildPhase section */
		7EC546F911DAF73800A84CC4 /* ShellScript */ = {
			isa = PBXShellScriptBuildPhase;
			buildActionMask = 2147483647;
			files = (
			);
			inputPaths = (
			);
			outputPaths = (
			);
			runOnlyForDeploymentPostprocessing = 0;
			shellPath = /bin/sh;
			shellScript = "# Run the unit tests in this test bundle.\n\"${SYSTEM_DEVELOPER_DIR}/Tools/RunUnitTests\"\n";
		};
/* End PBXShellScriptBuildPhase section */

/* Begin PBXSourcesBuildPhase section */
		1D60588E0D05DD3D006BFB54 /* Sources */ = {
			isa = PBXSourcesBuildPhase;
			buildActionMask = 2147483647;
			files = (
				1D60589B0D05DD56006BFB54 /* main.m in Sources */,
				1D3623260D0F684500981E51 /* Simply_DoneAppDelegate.m in Sources */,
				28C286E10D94DF7D0034E888 /* RootViewController.m in Sources */,
				7EC5468611DAE60F00A84CC4 /* Item.m in Sources */,
				7EC546A111DAE79300A84CC4 /* DBUtil.m in Sources */,
				7EC5481E11DAFE5E00A84CC4 /* DBTest.m in Sources */,
				7EC548C211DB03D100A84CC4 /* ItemList.m in Sources */,
				7E471B4C12690BF6008FBAAD /* ListViewController.m in Sources */,
				7E471B6D12690D82008FBAAD /* Session.m in Sources */,
				7E8962D41270CD49006369D4 /* ListOptionsViewController.m in Sources */,
			);
			runOnlyForDeploymentPostprocessing = 0;
		};
		7EC546F711DAF73800A84CC4 /* Sources */ = {
			isa = PBXSourcesBuildPhase;
			buildActionMask = 2147483647;
			files = (
				7EC5470411DAF87300A84CC4 /* DataTest.m in Sources */,
				7EC5481D11DAFE5E00A84CC4 /* DBTest.m in Sources */,
				7EC548C111DB03D100A84CC4 /* ItemList.m in Sources */,
				7E471B4A12690BF6008FBAAD /* ListViewController.m in Sources */,
				7E471B6C12690D82008FBAAD /* Session.m in Sources */,
				7E8962D21270CD49006369D4 /* ListOptionsViewController.m in Sources */,
			);
			runOnlyForDeploymentPostprocessing = 0;
		};
/* End PBXSourcesBuildPhase section */

/* Begin PBXTargetDependency section */
		7EC547CE11DAFACB00A84CC4 /* PBXTargetDependency */ = {
			isa = PBXTargetDependency;
			target = 1D6058900D05DD3D006BFB54 /* Simply Done */;
			targetProxy = 7EC547CD11DAFACB00A84CC4 /* PBXContainerItemProxy */;
		};
/* End PBXTargetDependency section */

/* Begin XCBuildConfiguration section */
		1D6058940D05DD3E006BFB54 /* Debug */ = {
			isa = XCBuildConfiguration;
			buildSettings = {
				ALWAYS_SEARCH_USER_PATHS = NO;
				ARCHS = "$(ARCHS_UNIVERSAL_IPHONE_OS)";
				"CODE_SIGN_IDENTITY[sdk=iphonesimulator*]" = "iPhone Developer";
				COPY_PHASE_STRIP = NO;
				GCC_DYNAMIC_NO_PIC = NO;
				GCC_OPTIMIZATION_LEVEL = 0;
				GCC_PRECOMPILE_PREFIX_HEADER = YES;
				GCC_PREFIX_HEADER = Simply_Done_Prefix.pch;
				INFOPLIST_FILE = "Simply_Done-Info.plist";
				PRODUCT_NAME = "Simply Done";
				"PROVISIONING_PROFILE[sdk=iphonesimulator*]" = "";
				SDKROOT = iphoneos4.1;
				VALID_ARCHS = armv7;
			};
			name = Debug;
		};
		1D6058950D05DD3E006BFB54 /* Release */ = {
			isa = XCBuildConfiguration;
			buildSettings = {
				ALWAYS_SEARCH_USER_PATHS = NO;
				"CODE_SIGN_IDENTITY[sdk=iphonesimulator*]" = "iPhone Developer";
				COPY_PHASE_STRIP = YES;
				GCC_PRECOMPILE_PREFIX_HEADER = YES;
				GCC_PREFIX_HEADER = Simply_Done_Prefix.pch;
				INFOPLIST_FILE = "Simply_Done-Info.plist";
				PRODUCT_NAME = "Simply Done";
				"PROVISIONING_PROFILE[sdk=iphonesimulator*]" = "";
				SDKROOT = iphoneos3.2;
			};
			name = Release;
		};
		7EC546FD11DAF73900A84CC4 /* Debug */ = {
			isa = XCBuildConfiguration;
			buildSettings = {
				ALWAYS_SEARCH_USER_PATHS = NO;
				BUNDLE_LOADER = "$(BUILT_PRODUCTS_DIR)/Simply Done.app/Simply Done";
				COPY_PHASE_STRIP = NO;
				FRAMEWORK_SEARCH_PATHS = (
					"\"$(SDKROOT)/Developer/Library/Frameworks\"",
					"\"$(DEVELOPER_LIBRARY_DIR)/Frameworks\"",
				);
				GCC_DYNAMIC_NO_PIC = NO;
				GCC_ENABLE_FIX_AND_CONTINUE = NO;
				GCC_ENABLE_OBJC_EXCEPTIONS = YES;
				GCC_OPTIMIZATION_LEVEL = 0;
				INFOPLIST_FILE = "Unit Tests-Info.plist";
				OTHER_LDFLAGS = (
					"-framework",
					Foundation,
					"-framework",
					SenTestingKit,
					"-framework",
					UIKit,
				);
				PREBINDING = NO;
				PRODUCT_NAME = "Unit Tests";
				TEST_HOST = "$(BUILT_PRODUCTS_DIR)/Simply Done.app/Simply Done";
				WRAPPER_EXTENSION = octest;
			};
			name = Debug;
		};
		7EC546FE11DAF73900A84CC4 /* Release */ = {
			isa = XCBuildConfiguration;
			buildSettings = {
				ALWAYS_SEARCH_USER_PATHS = NO;
				BUNDLE_LOADER = "$(BUILT_PRODUCTS_DIR)/Simply Done.app/Simply Done";
				COPY_PHASE_STRIP = YES;
				DEBUG_INFORMATION_FORMAT = "dwarf-with-dsym";
				FRAMEWORK_SEARCH_PATHS = (
					"\"$(SDKROOT)/Developer/Library/Frameworks\"",
					"\"$(DEVELOPER_LIBRARY_DIR)/Frameworks\"",
				);
				GCC_ENABLE_FIX_AND_CONTINUE = NO;
				GCC_ENABLE_OBJC_EXCEPTIONS = YES;
				INFOPLIST_FILE = "Unit Tests-Info.plist";
				OTHER_LDFLAGS = (
					"-framework",
					Foundation,
					"-framework",
					SenTestingKit,
					"-framework",
					UIKit,
				);
				PREBINDING = NO;
				PRODUCT_NAME = "Unit Tests";
				TEST_HOST = "$(BUILT_PRODUCTS_DIR)/Simply Done.app/Simply Done";
				WRAPPER_EXTENSION = octest;
				ZERO_LINK = NO;
			};
			name = Release;
		};
		C01FCF4F08A954540054247B /* Debug */ = {
			isa = XCBuildConfiguration;
			buildSettings = {
				ARCHS = "$(ARCHS_STANDARD_32_BIT)";
				"CODE_SIGN_IDENTITY[sdk=iphoneos*]" = "iPhone Developer";
				GCC_C_LANGUAGE_STANDARD = c99;
				GCC_WARN_ABOUT_RETURN_TYPE = YES;
				GCC_WARN_UNUSED_VARIABLE = YES;
				IPHONEOS_DEPLOYMENT_TARGET = 3.2;
				PREBINDING = NO;
				"PROVISIONING_PROFILE[sdk=iphoneos*]" = "";
				SDKROOT = iphoneos4.1;
				TARGETED_DEVICE_FAMILY = "1,2";
			};
			name = Debug;
		};
		C01FCF5008A954540054247B /* Release */ = {
			isa = XCBuildConfiguration;
			buildSettings = {
				ARCHS = "$(ARCHS_STANDARD_32_BIT)";
				"CODE_SIGN_IDENTITY[sdk=iphonesimulator3.1.2]" = "iPhone Developer";
				GCC_C_LANGUAGE_STANDARD = c99;
				GCC_WARN_ABOUT_RETURN_TYPE = YES;
				GCC_WARN_UNUSED_VARIABLE = YES;
				PREBINDING = NO;
				"PROVISIONING_PROFILE[sdk=iphonesimulator3.1.2]" = "";
				SDKROOT = iphoneos3.2;
			};
			name = Release;
		};
/* End XCBuildConfiguration section */

/* Begin XCConfigurationList section */
		1D6058960D05DD3E006BFB54 /* Build configuration list for PBXNativeTarget "Simply Done" */ = {
			isa = XCConfigurationList;
			buildConfigurations = (
				1D6058940D05DD3E006BFB54 /* Debug */,
				1D6058950D05DD3E006BFB54 /* Release */,
			);
			defaultConfigurationIsVisible = 0;
			defaultConfigurationName = Release;
		};
		7EC546FF11DAF73900A84CC4 /* Build configuration list for PBXNativeTarget "Unit Tests" */ = {
			isa = XCConfigurationList;
			buildConfigurations = (
				7EC546FD11DAF73900A84CC4 /* Debug */,
				7EC546FE11DAF73900A84CC4 /* Release */,
			);
			defaultConfigurationIsVisible = 0;
			defaultConfigurationName = Release;
		};
		C01FCF4E08A954540054247B /* Build configuration list for PBXProject "Simply Done" */ = {
			isa = XCConfigurationList;
			buildConfigurations = (
				C01FCF4F08A954540054247B /* Debug */,
				C01FCF5008A954540054247B /* Release */,
			);
			defaultConfigurationIsVisible = 0;
			defaultConfigurationName = Release;
		};
/* End XCConfigurationList section */
	};
	rootObject = 29B97313FDCFA39411CA2CEA /* Project object */;
}
