// !$*UTF8*$!
{
	archiveVersion = 1;
	classes = {
	};
	objectVersion = 46;
	objects = {

/* Begin PBXBuildFile section */
		CD82992614EB14A200F594AF /* UIKit.framework in Frameworks */ = {isa = PBXBuildFile; fileRef = CD82992514EB14A200F594AF /* UIKit.framework */; };
		CD82992814EB14A200F594AF /* Foundation.framework in Frameworks */ = {isa = PBXBuildFile; fileRef = CD82992714EB14A200F594AF /* Foundation.framework */; };
		CD82992A14EB14A200F594AF /* CoreGraphics.framework in Frameworks */ = {isa = PBXBuildFile; fileRef = CD82992914EB14A200F594AF /* CoreGraphics.framework */; };
		CD82993014EB14A200F594AF /* InfoPlist.strings in Resources */ = {isa = PBXBuildFile; fileRef = CD82992E14EB14A200F594AF /* InfoPlist.strings */; };
		CD82993214EB14A200F594AF /* main.m in Sources */ = {isa = PBXBuildFile; fileRef = CD82993114EB14A200F594AF /* main.m */; };
		CD82993614EB14A200F594AF /* PRAppDelegate.m in Sources */ = {isa = PBXBuildFile; fileRef = CD82993514EB14A200F594AF /* PRAppDelegate.m */; };
		CD82993914EB14A200F594AF /* PRViewController.m in Sources */ = {isa = PBXBuildFile; fileRef = CD82993814EB14A200F594AF /* PRViewController.m */; };
		CD82993C14EB14A200F594AF /* PRViewController_iPhone.xib in Resources */ = {isa = PBXBuildFile; fileRef = CD82993A14EB14A200F594AF /* PRViewController_iPhone.xib */; };
		CD82993F14EB14A200F594AF /* PRViewController_iPad.xib in Resources */ = {isa = PBXBuildFile; fileRef = CD82993D14EB14A200F594AF /* PRViewController_iPad.xib */; };
		CD82998F14EB208E00F594AF /* PRSettingsViewController.m in Sources */ = {isa = PBXBuildFile; fileRef = CD82998D14EB208E00F594AF /* PRSettingsViewController.m */; };
		CD8299A114EB2A9000F594AF /* PRSession.m in Sources */ = {isa = PBXBuildFile; fileRef = CD8299A014EB2A9000F594AF /* PRSession.m */; };
		CD8299A714EB2B5200F594AF /* CommonUtil.m in Sources */ = {isa = PBXBuildFile; fileRef = CD8299A414EB2B5200F594AF /* CommonUtil.m */; };
		CD8299A814EB2B5200F594AF /* DefaultsManager.m in Sources */ = {isa = PBXBuildFile; fileRef = CD8299A614EB2B5200F594AF /* DefaultsManager.m */; };
		CD8299AB14EB2CD400F594AF /* PRService.m in Sources */ = {isa = PBXBuildFile; fileRef = CD8299AA14EB2CD400F594AF /* PRService.m */; };
		CD8299AD14EB2E2D00F594AF /* MapKit.framework in Frameworks */ = {isa = PBXBuildFile; fileRef = CD8299AC14EB2E2D00F594AF /* MapKit.framework */; };
		CD8299AF14EB2E3C00F594AF /* CoreLocation.framework in Frameworks */ = {isa = PBXBuildFile; fileRef = CD8299AE14EB2E3C00F594AF /* CoreLocation.framework */; };
		CD8299B714EB2FD800F594AF /* PRNewServiceViewController.m in Sources */ = {isa = PBXBuildFile; fileRef = CD8299B614EB2FD800F594AF /* PRNewServiceViewController.m */; };
		CD8299BA14EB318500F594AF /* PRCreateServiceViewController.m in Sources */ = {isa = PBXBuildFile; fileRef = CD8299B914EB318500F594AF /* PRCreateServiceViewController.m */; };
/* End PBXBuildFile section */

/* Begin PBXFileReference section */
		CD82992114EB14A200F594AF /* PanicRoom.app */ = {isa = PBXFileReference; explicitFileType = wrapper.application; includeInIndex = 0; path = PanicRoom.app; sourceTree = BUILT_PRODUCTS_DIR; };
		CD82992514EB14A200F594AF /* UIKit.framework */ = {isa = PBXFileReference; lastKnownFileType = wrapper.framework; name = UIKit.framework; path = System/Library/Frameworks/UIKit.framework; sourceTree = SDKROOT; };
		CD82992714EB14A200F594AF /* Foundation.framework */ = {isa = PBXFileReference; lastKnownFileType = wrapper.framework; name = Foundation.framework; path = System/Library/Frameworks/Foundation.framework; sourceTree = SDKROOT; };
		CD82992914EB14A200F594AF /* CoreGraphics.framework */ = {isa = PBXFileReference; lastKnownFileType = wrapper.framework; name = CoreGraphics.framework; path = System/Library/Frameworks/CoreGraphics.framework; sourceTree = SDKROOT; };
		CD82992D14EB14A200F594AF /* PanicRoom-Info.plist */ = {isa = PBXFileReference; lastKnownFileType = text.plist.xml; path = "PanicRoom-Info.plist"; sourceTree = "<group>"; };
		CD82992F14EB14A200F594AF /* en */ = {isa = PBXFileReference; lastKnownFileType = text.plist.strings; name = en; path = en.lproj/InfoPlist.strings; sourceTree = "<group>"; };
		CD82993114EB14A200F594AF /* main.m */ = {isa = PBXFileReference; lastKnownFileType = sourcecode.c.objc; path = main.m; sourceTree = "<group>"; };
		CD82993314EB14A200F594AF /* PanicRoom-Prefix.pch */ = {isa = PBXFileReference; lastKnownFileType = sourcecode.c.h; path = "PanicRoom-Prefix.pch"; sourceTree = "<group>"; };
		CD82993414EB14A200F594AF /* PRAppDelegate.h */ = {isa = PBXFileReference; lastKnownFileType = sourcecode.c.h; path = PRAppDelegate.h; sourceTree = "<group>"; };
		CD82993514EB14A200F594AF /* PRAppDelegate.m */ = {isa = PBXFileReference; lastKnownFileType = sourcecode.c.objc; path = PRAppDelegate.m; sourceTree = "<group>"; };
		CD82993714EB14A200F594AF /* PRViewController.h */ = {isa = PBXFileReference; lastKnownFileType = sourcecode.c.h; path = PRViewController.h; sourceTree = "<group>"; };
		CD82993814EB14A200F594AF /* PRViewController.m */ = {isa = PBXFileReference; lastKnownFileType = sourcecode.c.objc; path = PRViewController.m; sourceTree = "<group>"; };
		CD82993B14EB14A200F594AF /* en */ = {isa = PBXFileReference; lastKnownFileType = file.xib; name = en; path = en.lproj/PRViewController_iPhone.xib; sourceTree = "<group>"; };
		CD82993E14EB14A200F594AF /* en */ = {isa = PBXFileReference; lastKnownFileType = file.xib; name = en; path = en.lproj/PRViewController_iPad.xib; sourceTree = "<group>"; };
		CD82998C14EB208E00F594AF /* PRSettingsViewController.h */ = {isa = PBXFileReference; fileEncoding = 4; lastKnownFileType = sourcecode.c.h; path = PRSettingsViewController.h; sourceTree = "<group>"; };
		CD82998D14EB208E00F594AF /* PRSettingsViewController.m */ = {isa = PBXFileReference; fileEncoding = 4; lastKnownFileType = sourcecode.c.objc; path = PRSettingsViewController.m; sourceTree = "<group>"; };
		CD82999F14EB2A9000F594AF /* PRSession.h */ = {isa = PBXFileReference; fileEncoding = 4; lastKnownFileType = sourcecode.c.h; path = PRSession.h; sourceTree = "<group>"; };
		CD8299A014EB2A9000F594AF /* PRSession.m */ = {isa = PBXFileReference; fileEncoding = 4; lastKnownFileType = sourcecode.c.objc; path = PRSession.m; sourceTree = "<group>"; };
		CD8299A314EB2B5200F594AF /* CommonUtil.h */ = {isa = PBXFileReference; fileEncoding = 4; lastKnownFileType = sourcecode.c.h; name = CommonUtil.h; path = ../../ObjectiveCUtil/arc/CommonUtil.h; sourceTree = "<group>"; };
		CD8299A414EB2B5200F594AF /* CommonUtil.m */ = {isa = PBXFileReference; fileEncoding = 4; lastKnownFileType = sourcecode.c.objc; name = CommonUtil.m; path = ../../ObjectiveCUtil/arc/CommonUtil.m; sourceTree = "<group>"; };
		CD8299A514EB2B5200F594AF /* DefaultsManager.h */ = {isa = PBXFileReference; fileEncoding = 4; lastKnownFileType = sourcecode.c.h; name = DefaultsManager.h; path = ../../ObjectiveCUtil/nonarc/DefaultsManager.h; sourceTree = "<group>"; };
		CD8299A614EB2B5200F594AF /* DefaultsManager.m */ = {isa = PBXFileReference; fileEncoding = 4; lastKnownFileType = sourcecode.c.objc; name = DefaultsManager.m; path = ../../ObjectiveCUtil/nonarc/DefaultsManager.m; sourceTree = "<group>"; };
		CD8299A914EB2CD400F594AF /* PRService.h */ = {isa = PBXFileReference; fileEncoding = 4; lastKnownFileType = sourcecode.c.h; path = PRService.h; sourceTree = "<group>"; };
		CD8299AA14EB2CD400F594AF /* PRService.m */ = {isa = PBXFileReference; fileEncoding = 4; lastKnownFileType = sourcecode.c.objc; path = PRService.m; sourceTree = "<group>"; };
		CD8299AC14EB2E2D00F594AF /* MapKit.framework */ = {isa = PBXFileReference; lastKnownFileType = wrapper.framework; name = MapKit.framework; path = System/Library/Frameworks/MapKit.framework; sourceTree = SDKROOT; };
		CD8299AE14EB2E3C00F594AF /* CoreLocation.framework */ = {isa = PBXFileReference; lastKnownFileType = wrapper.framework; name = CoreLocation.framework; path = System/Library/Frameworks/CoreLocation.framework; sourceTree = SDKROOT; };
		CD8299B514EB2FD800F594AF /* PRNewServiceViewController.h */ = {isa = PBXFileReference; fileEncoding = 4; lastKnownFileType = sourcecode.c.h; path = PRNewServiceViewController.h; sourceTree = "<group>"; };
		CD8299B614EB2FD800F594AF /* PRNewServiceViewController.m */ = {isa = PBXFileReference; fileEncoding = 4; lastKnownFileType = sourcecode.c.objc; path = PRNewServiceViewController.m; sourceTree = "<group>"; };
		CD8299B814EB318500F594AF /* PRCreateServiceViewController.h */ = {isa = PBXFileReference; fileEncoding = 4; lastKnownFileType = sourcecode.c.h; path = PRCreateServiceViewController.h; sourceTree = "<group>"; };
		CD8299B914EB318500F594AF /* PRCreateServiceViewController.m */ = {isa = PBXFileReference; fileEncoding = 4; lastKnownFileType = sourcecode.c.objc; path = PRCreateServiceViewController.m; sourceTree = "<group>"; };
/* End PBXFileReference section */

/* Begin PBXFrameworksBuildPhase section */
		CD82991E14EB14A200F594AF /* Frameworks */ = {
			isa = PBXFrameworksBuildPhase;
			buildActionMask = 2147483647;
			files = (
				CD8299AF14EB2E3C00F594AF /* CoreLocation.framework in Frameworks */,
				CD8299AD14EB2E2D00F594AF /* MapKit.framework in Frameworks */,
				CD82992614EB14A200F594AF /* UIKit.framework in Frameworks */,
				CD82992814EB14A200F594AF /* Foundation.framework in Frameworks */,
				CD82992A14EB14A200F594AF /* CoreGraphics.framework in Frameworks */,
			);
			runOnlyForDeploymentPostprocessing = 0;
		};
/* End PBXFrameworksBuildPhase section */

/* Begin PBXGroup section */
		CD82991614EB14A200F594AF = {
			isa = PBXGroup;
			children = (
				CD8299AE14EB2E3C00F594AF /* CoreLocation.framework */,
				CD8299AC14EB2E2D00F594AF /* MapKit.framework */,
				CD8299A214EB2B3600F594AF /* ObjectiveCUtil */,
				CD82992B14EB14A200F594AF /* PanicRoom */,
				CD82992414EB14A200F594AF /* Frameworks */,
				CD82992214EB14A200F594AF /* Products */,
			);
			sourceTree = "<group>";
		};
		CD82992214EB14A200F594AF /* Products */ = {
			isa = PBXGroup;
			children = (
				CD82992114EB14A200F594AF /* PanicRoom.app */,
			);
			name = Products;
			sourceTree = "<group>";
		};
		CD82992414EB14A200F594AF /* Frameworks */ = {
			isa = PBXGroup;
			children = (
				CD82992514EB14A200F594AF /* UIKit.framework */,
				CD82992714EB14A200F594AF /* Foundation.framework */,
				CD82992914EB14A200F594AF /* CoreGraphics.framework */,
			);
			name = Frameworks;
			sourceTree = "<group>";
		};
		CD82992B14EB14A200F594AF /* PanicRoom */ = {
			isa = PBXGroup;
			children = (
				CD82998B14EB204F00F594AF /* Classes */,
				CD82992C14EB14A200F594AF /* Supporting Files */,
			);
			path = PanicRoom;
			sourceTree = "<group>";
		};
		CD82992C14EB14A200F594AF /* Supporting Files */ = {
			isa = PBXGroup;
			children = (
				CD82992D14EB14A200F594AF /* PanicRoom-Info.plist */,
				CD82992E14EB14A200F594AF /* InfoPlist.strings */,
				CD82993114EB14A200F594AF /* main.m */,
				CD82993314EB14A200F594AF /* PanicRoom-Prefix.pch */,
			);
			name = "Supporting Files";
			sourceTree = "<group>";
		};
		CD82998B14EB204F00F594AF /* Classes */ = {
			isa = PBXGroup;
			children = (
				CD82993414EB14A200F594AF /* PRAppDelegate.h */,
				CD82993514EB14A200F594AF /* PRAppDelegate.m */,
				CD82993714EB14A200F594AF /* PRViewController.h */,
				CD82993814EB14A200F594AF /* PRViewController.m */,
				CD82993A14EB14A200F594AF /* PRViewController_iPhone.xib */,
				CD82993D14EB14A200F594AF /* PRViewController_iPad.xib */,
				CD82998C14EB208E00F594AF /* PRSettingsViewController.h */,
				CD82998D14EB208E00F594AF /* PRSettingsViewController.m */,
				CD82999F14EB2A9000F594AF /* PRSession.h */,
				CD8299A014EB2A9000F594AF /* PRSession.m */,
				CD8299A914EB2CD400F594AF /* PRService.h */,
				CD8299AA14EB2CD400F594AF /* PRService.m */,
				CD8299B514EB2FD800F594AF /* PRNewServiceViewController.h */,
				CD8299B614EB2FD800F594AF /* PRNewServiceViewController.m */,
				CD8299B814EB318500F594AF /* PRCreateServiceViewController.h */,
				CD8299B914EB318500F594AF /* PRCreateServiceViewController.m */,
			);
			name = Classes;
			sourceTree = "<group>";
		};
		CD8299A214EB2B3600F594AF /* ObjectiveCUtil */ = {
			isa = PBXGroup;
			children = (
				CD8299A314EB2B5200F594AF /* CommonUtil.h */,
				CD8299A414EB2B5200F594AF /* CommonUtil.m */,
				CD8299A514EB2B5200F594AF /* DefaultsManager.h */,
				CD8299A614EB2B5200F594AF /* DefaultsManager.m */,
			);
			name = ObjectiveCUtil;
			sourceTree = "<group>";
		};
/* End PBXGroup section */

/* Begin PBXNativeTarget section */
		CD82992014EB14A200F594AF /* PanicRoom */ = {
			isa = PBXNativeTarget;
			buildConfigurationList = CD82994214EB14A200F594AF /* Build configuration list for PBXNativeTarget "PanicRoom" */;
			buildPhases = (
				CD82991D14EB14A200F594AF /* Sources */,
				CD82991E14EB14A200F594AF /* Frameworks */,
				CD82991F14EB14A200F594AF /* Resources */,
			);
			buildRules = (
			);
			dependencies = (
			);
			name = PanicRoom;
			productName = PanicRoom;
			productReference = CD82992114EB14A200F594AF /* PanicRoom.app */;
			productType = "com.apple.product-type.application";
		};
/* End PBXNativeTarget section */

/* Begin PBXProject section */
		CD82991814EB14A200F594AF /* Project object */ = {
			isa = PBXProject;
			attributes = {
				LastUpgradeCheck = 0420;
			};
			buildConfigurationList = CD82991B14EB14A200F594AF /* Build configuration list for PBXProject "PanicRoom" */;
			compatibilityVersion = "Xcode 3.2";
			developmentRegion = English;
			hasScannedForEncodings = 0;
			knownRegions = (
				en,
			);
			mainGroup = CD82991614EB14A200F594AF;
			productRefGroup = CD82992214EB14A200F594AF /* Products */;
			projectDirPath = "";
			projectRoot = "";
			targets = (
				CD82992014EB14A200F594AF /* PanicRoom */,
			);
		};
/* End PBXProject section */

/* Begin PBXResourcesBuildPhase section */
		CD82991F14EB14A200F594AF /* Resources */ = {
			isa = PBXResourcesBuildPhase;
			buildActionMask = 2147483647;
			files = (
				CD82993014EB14A200F594AF /* InfoPlist.strings in Resources */,
				CD82993C14EB14A200F594AF /* PRViewController_iPhone.xib in Resources */,
				CD82993F14EB14A200F594AF /* PRViewController_iPad.xib in Resources */,
			);
			runOnlyForDeploymentPostprocessing = 0;
		};
/* End PBXResourcesBuildPhase section */

/* Begin PBXSourcesBuildPhase section */
		CD82991D14EB14A200F594AF /* Sources */ = {
			isa = PBXSourcesBuildPhase;
			buildActionMask = 2147483647;
			files = (
				CD82993214EB14A200F594AF /* main.m in Sources */,
				CD82993614EB14A200F594AF /* PRAppDelegate.m in Sources */,
				CD82993914EB14A200F594AF /* PRViewController.m in Sources */,
				CD82998F14EB208E00F594AF /* PRSettingsViewController.m in Sources */,
				CD8299A114EB2A9000F594AF /* PRSession.m in Sources */,
				CD8299A714EB2B5200F594AF /* CommonUtil.m in Sources */,
				CD8299A814EB2B5200F594AF /* DefaultsManager.m in Sources */,
				CD8299AB14EB2CD400F594AF /* PRService.m in Sources */,
				CD8299B714EB2FD800F594AF /* PRNewServiceViewController.m in Sources */,
				CD8299BA14EB318500F594AF /* PRCreateServiceViewController.m in Sources */,
			);
			runOnlyForDeploymentPostprocessing = 0;
		};
/* End PBXSourcesBuildPhase section */

/* Begin PBXVariantGroup section */
		CD82992E14EB14A200F594AF /* InfoPlist.strings */ = {
			isa = PBXVariantGroup;
			children = (
				CD82992F14EB14A200F594AF /* en */,
			);
			name = InfoPlist.strings;
			sourceTree = "<group>";
		};
		CD82993A14EB14A200F594AF /* PRViewController_iPhone.xib */ = {
			isa = PBXVariantGroup;
			children = (
				CD82993B14EB14A200F594AF /* en */,
			);
			name = PRViewController_iPhone.xib;
			sourceTree = "<group>";
		};
		CD82993D14EB14A200F594AF /* PRViewController_iPad.xib */ = {
			isa = PBXVariantGroup;
			children = (
				CD82993E14EB14A200F594AF /* en */,
			);
			name = PRViewController_iPad.xib;
			sourceTree = "<group>";
		};
/* End PBXVariantGroup section */

/* Begin XCBuildConfiguration section */
		CD82994014EB14A200F594AF /* Debug */ = {
			isa = XCBuildConfiguration;
			buildSettings = {
				ALWAYS_SEARCH_USER_PATHS = NO;
				ARCHS = "$(ARCHS_STANDARD_32_BIT)";
				CLANG_ENABLE_OBJC_ARC = YES;
				"CODE_SIGN_IDENTITY[sdk=iphoneos*]" = "iPhone Developer";
				COPY_PHASE_STRIP = NO;
				GCC_C_LANGUAGE_STANDARD = gnu99;
				GCC_DYNAMIC_NO_PIC = NO;
				GCC_OPTIMIZATION_LEVEL = 0;
				GCC_PREPROCESSOR_DEFINITIONS = (
					"DEBUG=1",
					"$(inherited)",
				);
				GCC_SYMBOLS_PRIVATE_EXTERN = NO;
				GCC_VERSION = com.apple.compilers.llvm.clang.1_0;
				GCC_WARN_ABOUT_MISSING_PROTOTYPES = YES;
				GCC_WARN_ABOUT_RETURN_TYPE = YES;
				GCC_WARN_UNUSED_VARIABLE = YES;
				IPHONEOS_DEPLOYMENT_TARGET = 5.0;
				SDKROOT = iphoneos;
				TARGETED_DEVICE_FAMILY = "1,2";
			};
			name = Debug;
		};
		CD82994114EB14A200F594AF /* Release */ = {
			isa = XCBuildConfiguration;
			buildSettings = {
				ALWAYS_SEARCH_USER_PATHS = NO;
				ARCHS = "$(ARCHS_STANDARD_32_BIT)";
				CLANG_ENABLE_OBJC_ARC = YES;
				"CODE_SIGN_IDENTITY[sdk=iphoneos*]" = "iPhone Developer";
				COPY_PHASE_STRIP = YES;
				GCC_C_LANGUAGE_STANDARD = gnu99;
				GCC_VERSION = com.apple.compilers.llvm.clang.1_0;
				GCC_WARN_ABOUT_MISSING_PROTOTYPES = YES;
				GCC_WARN_ABOUT_RETURN_TYPE = YES;
				GCC_WARN_UNUSED_VARIABLE = YES;
				IPHONEOS_DEPLOYMENT_TARGET = 5.0;
				OTHER_CFLAGS = "-DNS_BLOCK_ASSERTIONS=1";
				SDKROOT = iphoneos;
				TARGETED_DEVICE_FAMILY = "1,2";
				VALIDATE_PRODUCT = YES;
			};
			name = Release;
		};
		CD82994314EB14A200F594AF /* Debug */ = {
			isa = XCBuildConfiguration;
			buildSettings = {
				GCC_PRECOMPILE_PREFIX_HEADER = YES;
				GCC_PREFIX_HEADER = "PanicRoom/PanicRoom-Prefix.pch";
				INFOPLIST_FILE = "PanicRoom/PanicRoom-Info.plist";
				PRODUCT_NAME = "$(TARGET_NAME)";
				WRAPPER_EXTENSION = app;
			};
			name = Debug;
		};
		CD82994414EB14A200F594AF /* Release */ = {
			isa = XCBuildConfiguration;
			buildSettings = {
				GCC_PRECOMPILE_PREFIX_HEADER = YES;
				GCC_PREFIX_HEADER = "PanicRoom/PanicRoom-Prefix.pch";
				INFOPLIST_FILE = "PanicRoom/PanicRoom-Info.plist";
				PRODUCT_NAME = "$(TARGET_NAME)";
				WRAPPER_EXTENSION = app;
			};
			name = Release;
		};
/* End XCBuildConfiguration section */

/* Begin XCConfigurationList section */
		CD82991B14EB14A200F594AF /* Build configuration list for PBXProject "PanicRoom" */ = {
			isa = XCConfigurationList;
			buildConfigurations = (
				CD82994014EB14A200F594AF /* Debug */,
				CD82994114EB14A200F594AF /* Release */,
			);
			defaultConfigurationIsVisible = 0;
			defaultConfigurationName = Release;
		};
		CD82994214EB14A200F594AF /* Build configuration list for PBXNativeTarget "PanicRoom" */ = {
			isa = XCConfigurationList;
			buildConfigurations = (
				CD82994314EB14A200F594AF /* Debug */,
				CD82994414EB14A200F594AF /* Release */,
			);
			defaultConfigurationIsVisible = 0;
			defaultConfigurationName = Release;
		};
/* End XCConfigurationList section */
	};
	rootObject = CD82991814EB14A200F594AF /* Project object */;
}
